{
    "_meta": {
        "hash": {
            "sha256": "c3664fc88b8482fbf3ab96a26ae229898ad9449e0f1e0043c8594e163b81641d"
        },
        "pipfile-spec": 6,
        "requires": {
            "python_version": "3.8"
        },
        "sources": [
            {
                "name": "pypi",
                "url": "https://pypi.org/simple",
                "verify_ssl": true
            }
        ]
    },
    "default": {
        "ansible": {
            "hashes": [
                "sha256:31203b27c9d61123e8c86b6eb5116a21859ed4f26d55a1a71eaf27bd92bce355"
            ],
            "index": "pypi",
            "version": "==2.8.6"
        },
        "ansible-runner": {
            "hashes": [
                "sha256:9db56a69ad5d43fe7656ad8efb4083cb1800ea400f7828af6b20f44c0882404f",
                "sha256:eebd08383d63006bfa96dae61554bfd5f30349289015e2009ef93f4d488b7324"
            ],
            "index": "pypi",
            "version": "==1.4.2"
        },
        "awscli": {
            "hashes": [
                "sha256:6edf4f18cd8abfb23ca0702abd5399b13574928f66187a3d13d915489cfc4d07",
                "sha256:82b452120f4b2f5d78b82b9608220ab2aad4e0ec70920d4cea60c6ea38f5b119"
            ],
            "index": "pypi",
            "version": "==1.18.170"
        },
        "bcrypt": {
            "hashes": [
                "sha256:5b93c1726e50a93a033c36e5ca7fdcd29a5c7395af50a6892f5d9e7c6cfbfb29",
                "sha256:63d4e3ff96188e5898779b6057878fecf3f11cfe6ec3b313ea09955d587ec7a7",
                "sha256:81fec756feff5b6818ea7ab031205e1d323d8943d237303baca2c5f9c7846f34",
                "sha256:a67fb841b35c28a59cebed05fbd3e80eea26e6d75851f0574a9273c80f3e9b55",
                "sha256:c95d4cbebffafcdd28bd28bb4e25b31c50f6da605c81ffd9ad8a3d1b2ab7b1b6",
                "sha256:cd1ea2ff3038509ea95f687256c46b79f5fc382ad0aa3664d200047546d511d1",
                "sha256:cdcdcb3972027f83fe24a48b1e90ea4b584d35f1cc279d76de6fc4b13376239d"
            ],
            "markers": "python_version >= '3.6'",
            "version": "==3.2.0"
        },
        "boto3": {
            "hashes": [
                "sha256:ada5af5cd813997fa2fe30ee47460bbea253f5a728a5946916d44bb12370d6e9",
                "sha256:b5537e814c7d3f6c7efbc26049a868f3bd5b60f3a3a86d5f2527f98fca6ed33f"
            ],
            "index": "pypi",
            "version": "==1.16.10"
        },
        "botocore": {
            "hashes": [
                "sha256:0391922fc6fc1f36a51b9eb8c54b1278c37d9df1a0c6e40361213680d180c358",
                "sha256:d44ecd33311cf163aec2c033e8941ae11f3a34e278e4b59aa7ee29b7455a5e62"
            ],
            "version": "==1.19.10"
        },
        "cachetools": {
            "hashes": [
                "sha256:3796e1de094f0eaca982441c92ce96c68c89cced4cd97721ab297ea4b16db90e",
                "sha256:c6b07a6ded8c78bf36730b3dc452dfff7d95f2a12a2fed856b1a0cb13ca78c61"
            ],
            "markers": "python_version ~= '3.5'",
            "version": "==4.2.0"
        },
        "certifi": {
            "hashes": [
                "sha256:1a4995114262bffbc2413b159f2a1a480c969de6e6eb13ee966d470af86af59c",
                "sha256:719a74fb9e33b9bd44cc7f3a8d94bc35e4049deebe19ba7d8e108280cfd59830"
            ],
            "version": "==2020.12.5"
        },
        "cffi": {
            "hashes": [
                "sha256:00a1ba5e2e95684448de9b89888ccd02c98d512064b4cb987d48f4b40aa0421e",
                "sha256:00e28066507bfc3fe865a31f325c8391a1ac2916219340f87dfad602c3e48e5d",
                "sha256:045d792900a75e8b1e1b0ab6787dd733a8190ffcf80e8c8ceb2fb10a29ff238a",
                "sha256:0638c3ae1a0edfb77c6765d487fee624d2b1ee1bdfeffc1f0b58c64d149e7eec",
                "sha256:105abaf8a6075dc96c1fe5ae7aae073f4696f2905fde6aeada4c9d2926752362",
                "sha256:155136b51fd733fa94e1c2ea5211dcd4c8879869008fc811648f16541bf99668",
                "sha256:1a465cbe98a7fd391d47dce4b8f7e5b921e6cd805ef421d04f5f66ba8f06086c",
                "sha256:1d2c4994f515e5b485fd6d3a73d05526aa0fcf248eb135996b088d25dfa1865b",
                "sha256:2c24d61263f511551f740d1a065eb0212db1dbbbbd241db758f5244281590c06",
                "sha256:51a8b381b16ddd370178a65360ebe15fbc1c71cf6f584613a7ea08bfad946698",
                "sha256:594234691ac0e9b770aee9fcdb8fa02c22e43e5c619456efd0d6c2bf276f3eb2",
                "sha256:5cf4be6c304ad0b6602f5c4e90e2f59b47653ac1ed9c662ed379fe48a8f26b0c",
                "sha256:64081b3f8f6f3c3de6191ec89d7dc6c86a8a43911f7ecb422c60e90c70be41c7",
                "sha256:6bc25fc545a6b3d57b5f8618e59fc13d3a3a68431e8ca5fd4c13241cd70d0009",
                "sha256:798caa2a2384b1cbe8a2a139d80734c9db54f9cc155c99d7cc92441a23871c03",
                "sha256:7c6b1dece89874d9541fc974917b631406233ea0440d0bdfbb8e03bf39a49b3b",
                "sha256:840793c68105fe031f34d6a086eaea153a0cd5c491cde82a74b420edd0a2b909",
                "sha256:8d6603078baf4e11edc4168a514c5ce5b3ba6e3e9c374298cb88437957960a53",
                "sha256:9cc46bc107224ff5b6d04369e7c595acb700c3613ad7bcf2e2012f62ece80c35",
                "sha256:9f7a31251289b2ab6d4012f6e83e58bc3b96bd151f5b5262467f4bb6b34a7c26",
                "sha256:9ffb888f19d54a4d4dfd4b3f29bc2c16aa4972f1c2ab9c4ab09b8ab8685b9c2b",
                "sha256:a5ed8c05548b54b998b9498753fb9cadbfd92ee88e884641377d8a8b291bcc01",
                "sha256:a7711edca4dcef1a75257b50a2fbfe92a65187c47dab5a0f1b9b332c5919a3fb",
                "sha256:af5c59122a011049aad5dd87424b8e65a80e4a6477419c0c1015f73fb5ea0293",
                "sha256:b18e0a9ef57d2b41f5c68beefa32317d286c3d6ac0484efd10d6e07491bb95dd",
                "sha256:b4e248d1087abf9f4c10f3c398896c87ce82a9856494a7155823eb45a892395d",
                "sha256:ba4e9e0ae13fc41c6b23299545e5ef73055213e466bd107953e4a013a5ddd7e3",
                "sha256:c6332685306b6417a91b1ff9fae889b3ba65c2292d64bd9245c093b1b284809d",
                "sha256:d5ff0621c88ce83a28a10d2ce719b2ee85635e85c515f12bac99a95306da4b2e",
                "sha256:d9efd8b7a3ef378dd61a1e77367f1924375befc2eba06168b6ebfa903a5e59ca",
                "sha256:df5169c4396adc04f9b0a05f13c074df878b6052430e03f50e68adf3a57aa28d",
                "sha256:ebb253464a5d0482b191274f1c8bf00e33f7e0b9c66405fbffc61ed2c839c775",
                "sha256:ec80dc47f54e6e9a78181ce05feb71a0353854cc26999db963695f950b5fb375",
                "sha256:f032b34669220030f905152045dfa27741ce1a6db3324a5bc0b96b6c7420c87b",
                "sha256:f60567825f791c6f8a592f3c6e3bd93dd2934e3f9dac189308426bd76b00ef3b",
                "sha256:f803eaa94c2fcda012c047e62bc7a51b0bdabda1cad7a92a522694ea2d76e49f"
            ],
            "version": "==1.14.4"
        },
        "chardet": {
            "hashes": [
                "sha256:0d6f53a15db4120f2b08c94f11e7d93d2c911ee118b6b30a04ec3ee8310179fa",
                "sha256:f864054d66fd9118f2e67044ac8981a54775ec5b67aed0441892edb553d21da5"
            ],
            "markers": "python_version >= '2.7' and python_version not in '3.0, 3.1, 3.2, 3.3, 3.4'",
            "version": "==4.0.0"
        },
        "circleci": {
            "hashes": [
                "sha256:7abb6b278fcc189d83d645784f4bae88215800aaa32b4d1cf73f6c9a8076c105",
                "sha256:9792e9feec4c3eee6272ee586b0cf1cbc742c52879dde1046fc2c33ccccf97f7"
            ],
            "index": "pypi",
            "version": "==1.2.2"
        },
        "colorama": {
            "hashes": [
                "sha256:7d73d2a99753107a36ac6b455ee49046802e59d9d076ef8e47b61499fa29afff",
                "sha256:e96da0d330793e2cb9485e9ddfd918d456036c7149416295932478192f4436a1"
            ],
            "markers": "python_version != '3.4'",
            "version": "==0.4.3"
        },
        "cryptography": {
            "hashes": [
                "sha256:0003a52a123602e1acee177dc90dd201f9bb1e73f24a070db7d36c588e8f5c7d",
                "sha256:0e85aaae861d0485eb5a79d33226dd6248d2a9f133b81532c8f5aae37de10ff7",
                "sha256:594a1db4511bc4d960571536abe21b4e5c3003e8750ab8365fafce71c5d86901",
                "sha256:69e836c9e5ff4373ce6d3ab311c1a2eed274793083858d3cd4c7d12ce20d5f9c",
                "sha256:788a3c9942df5e4371c199d10383f44a105d67d401fb4304178020142f020244",
                "sha256:7e177e4bea2de937a584b13645cab32f25e3d96fc0bc4a4cf99c27dc77682be6",
                "sha256:83d9d2dfec70364a74f4e7c70ad04d3ca2e6a08b703606993407bf46b97868c5",
                "sha256:84ef7a0c10c24a7773163f917f1cb6b4444597efd505a8aed0a22e8c4780f27e",
                "sha256:9e21301f7a1e7c03dbea73e8602905a4ebba641547a462b26dd03451e5769e7c",
                "sha256:9f6b0492d111b43de5f70052e24c1f0951cb9e6022188ebcb1cc3a3d301469b0",
                "sha256:a69bd3c68b98298f490e84519b954335154917eaab52cf582fa2c5c7efc6e812",
                "sha256:b4890d5fb9b7a23e3bf8abf5a8a7da8e228f1e97dc96b30b95685df840b6914a",
                "sha256:c366df0401d1ec4e548bebe8f91d55ebcc0ec3137900d214dd7aac8427ef3030",
                "sha256:dc42f645f8f3a489c3dd416730a514e7a91a59510ddaadc09d04224c098d3302"
            ],
            "markers": "python_version >= '2.7' and python_version not in '3.0, 3.1, 3.2, 3.3, 3.4, 3.5'",
            "version": "==3.3.1"
        },
        "docutils": {
            "hashes": [
                "sha256:6c4f696463b79f1fb8ba0c594b63840ebd41f059e92b31957c46b74a4599b6d0",
                "sha256:9e4d7ecfc600058e07ba661411a2b7de2fd0fafa17d1a7f7361cd47b1175c827",
                "sha256:a2aeea129088da402665e92e0b25b04b073c04b2dce4ab65caaa38b7ce2e1a99"
            ],
            "markers": "python_version >= '2.6' and python_version not in '3.0, 3.1, 3.2'",
            "version": "==0.15.2"
        },
        "google-api-core": {
            "hashes": [
                "sha256:0f1dee446db2685863c3c493a90fefa5fc7f4defaf8e1a320b50ccaddfb5d469",
                "sha256:a7f5794446a22ff7d36764959ba5f319f37628faf4da04fdc0dedf1598b556c1"
            ],
            "markers": "python_version >= '2.7' and python_version not in '3.0, 3.1, 3.2, 3.3, 3.4, 3.5'",
            "version": "==1.24.1"
        },
        "google-auth": {
            "hashes": [
                "sha256:0b0e026b412a0ad096e753907559e4bdb180d9ba9f68dd9036164db4fdc4ad2e",
                "sha256:ce752cc51c31f479dbf9928435ef4b07514b20261b021c7383bee4bda646acb8"
            ],
            "markers": "python_version >= '2.7' and python_version not in '3.0, 3.1, 3.2, 3.3, 3.4, 3.5'",
            "version": "==1.24.0"
        },
        "google-cloud-bigquery": {
            "hashes": [
                "sha256:3cf0acb2ae4f1e6628ad0d02b7bf26c3dcf449e864d2a569372230cdc4d29b82",
                "sha256:51c29b95d460486d9e0210f63e8193691cd08480b69775270e84dd3db87c1bf2"
            ],
            "index": "pypi",
            "version": "==1.26.1"
        },
        "google-cloud-core": {
            "hashes": [
                "sha256:1277a015f8eeb014c48f2ec094ed5368358318f1146cf49e8de389962dc19106",
                "sha256:99a8a15f406f53f2b11bda1f45f952a9cdfbdbba8abf40c75651019d800879f5"
            ],
            "markers": "python_version >= '2.7' and python_version not in '3.0, 3.1, 3.2, 3.3, 3.4, 3.5'",
            "version": "==1.5.0"
        },
        "google-cloud-storage": {
            "hashes": [
                "sha256:15c8ab11d17e3a32c154662bb001c2097515799f3fd4947a10b1fceb7b6e9a1e",
                "sha256:958b4ec0ec0104ea2d436606a4d39eb6c5cf719b8b69d1676de75294bf02de3e"
            ],
            "index": "pypi",
            "version": "==1.29.0"
        },
        "google-resumable-media": {
            "hashes": [
                "sha256:97155236971970382b738921f978a6f86a7b5a0b0311703d991e065d3cb55773",
                "sha256:cdc64378dc9a7a7bf963a8d0c944c99b549dc0c195a9acbf1fcd465f380b9002"
            ],
            "markers": "python_version >= '2.7' and python_version not in '3.0, 3.1, 3.2, 3.3, 3.4'",
            "version": "==0.5.1"
        },
        "googleapis-common-protos": {
            "hashes": [
                "sha256:560716c807117394da12cecb0a54da5a451b5cf9866f1d37e9a5e2329a665351",
                "sha256:c8961760f5aad9a711d37b675be103e0cc4e9a39327e0d6d857872f698403e24"
            ],
            "markers": "python_version >= '2.7' and python_version not in '3.0, 3.1, 3.2, 3.3'",
            "version": "==1.52.0"
        },
        "idna": {
            "hashes": [
                "sha256:b307872f855b18632ce0c21c5e45be78c0ea7ae4c15c828c20788b26921eb3f6",
                "sha256:b97d804b1e9b523befed77c48dacec60e6dcb0b5391d57af6a65a312a90648c0"
            ],
            "markers": "python_version >= '2.7' and python_version not in '3.0, 3.1, 3.2, 3.3'",
            "version": "==2.10"
        },
        "jinja2": {
            "hashes": [
                "sha256:89aab215427ef59c34ad58735269eb58b1a5808103067f7bb9d5836c651b3bb0",
                "sha256:f0a4641d3cf955324a89c04f3d94663aa4d638abe8f733ecd3582848e1c37035"
            ],
            "markers": "python_version >= '2.7' and python_version not in '3.0, 3.1, 3.2, 3.3, 3.4'",
            "version": "==2.11.2"
        },
        "jmespath": {
            "hashes": [
                "sha256:b85d0567b8666149a93172712e68920734333c0ce7e89b78b3e987f71e5ed4f9",
                "sha256:cdf6525904cc597730141d61b36f2e4b8ecc257c420fa2f4549bac2c2d0cb72f"
            ],
            "markers": "python_version >= '2.6' and python_version not in '3.0, 3.1, 3.2'",
            "version": "==0.10.0"
        },
        "lockfile": {
            "hashes": [
                "sha256:6aed02de03cba24efabcd600b30540140634fc06cfa603822d508d5361e9f799",
                "sha256:6c3cb24f344923d30b2785d5ad75182c8ea7ac1b6171b08657258ec7429d50fa"
            ],
            "version": "==0.12.2"
        },
        "markupsafe": {
            "hashes": [
                "sha256:00bc623926325b26bb9605ae9eae8a215691f33cae5df11ca5424f06f2d1f473",
                "sha256:09027a7803a62ca78792ad89403b1b7a73a01c8cb65909cd876f7fcebd79b161",
                "sha256:09c4b7f37d6c648cb13f9230d847adf22f8171b1ccc4d5682398e77f40309235",
                "sha256:1027c282dad077d0bae18be6794e6b6b8c91d58ed8a8d89a89d59693b9131db5",
                "sha256:13d3144e1e340870b25e7b10b98d779608c02016d5184cfb9927a9f10c689f42",
                "sha256:24982cc2533820871eba85ba648cd53d8623687ff11cbb805be4ff7b4c971aff",
                "sha256:29872e92839765e546828bb7754a68c418d927cd064fd4708fab9fe9c8bb116b",
                "sha256:43a55c2930bbc139570ac2452adf3d70cdbb3cfe5912c71cdce1c2c6bbd9c5d1",
                "sha256:46c99d2de99945ec5cb54f23c8cd5689f6d7177305ebff350a58ce5f8de1669e",
                "sha256:500d4957e52ddc3351cabf489e79c91c17f6e0899158447047588650b5e69183",
                "sha256:535f6fc4d397c1563d08b88e485c3496cf5784e927af890fb3c3aac7f933ec66",
                "sha256:596510de112c685489095da617b5bcbbac7dd6384aeebeda4df6025d0256a81b",
                "sha256:62fe6c95e3ec8a7fad637b7f3d372c15ec1caa01ab47926cfdf7a75b40e0eac1",
                "sha256:6788b695d50a51edb699cb55e35487e430fa21f1ed838122d722e0ff0ac5ba15",
                "sha256:6dd73240d2af64df90aa7c4e7481e23825ea70af4b4922f8ede5b9e35f78a3b1",
                "sha256:717ba8fe3ae9cc0006d7c451f0bb265ee07739daf76355d06366154ee68d221e",
                "sha256:79855e1c5b8da654cf486b830bd42c06e8780cea587384cf6545b7d9ac013a0b",
                "sha256:7c1699dfe0cf8ff607dbdcc1e9b9af1755371f92a68f706051cc8c37d447c905",
                "sha256:88e5fcfb52ee7b911e8bb6d6aa2fd21fbecc674eadd44118a9cc3863f938e735",
                "sha256:8defac2f2ccd6805ebf65f5eeb132adcf2ab57aa11fdf4c0dd5169a004710e7d",
                "sha256:98c7086708b163d425c67c7a91bad6e466bb99d797aa64f965e9d25c12111a5e",
                "sha256:9add70b36c5666a2ed02b43b335fe19002ee5235efd4b8a89bfcf9005bebac0d",
                "sha256:9bf40443012702a1d2070043cb6291650a0841ece432556f784f004937f0f32c",
                "sha256:ade5e387d2ad0d7ebf59146cc00c8044acbd863725f887353a10df825fc8ae21",
                "sha256:b00c1de48212e4cc9603895652c5c410df699856a2853135b3967591e4beebc2",
                "sha256:b1282f8c00509d99fef04d8ba936b156d419be841854fe901d8ae224c59f0be5",
                "sha256:b2051432115498d3562c084a49bba65d97cf251f5a331c64a12ee7e04dacc51b",
                "sha256:ba59edeaa2fc6114428f1637ffff42da1e311e29382d81b339c1817d37ec93c6",
                "sha256:c8716a48d94b06bb3b2524c2b77e055fb313aeb4ea620c8dd03a105574ba704f",
                "sha256:cd5df75523866410809ca100dc9681e301e3c27567cf498077e8551b6d20e42f",
                "sha256:cdb132fc825c38e1aeec2c8aa9338310d29d337bebbd7baa06889d09a60a1fa2",
                "sha256:e249096428b3ae81b08327a63a485ad0878de3fb939049038579ac0ef61e17e7",
                "sha256:e8313f01ba26fbbe36c7be1966a7b7424942f670f38e666995b88d012765b9be"
            ],
            "markers": "python_version >= '2.7' and python_version not in '3.0, 3.1, 3.2, 3.3'",
            "version": "==1.1.1"
        },
        "mock-open": {
            "hashes": [
                "sha256:c3ecb6b8c32a5899a4f5bf4495083b598b520c698bba00e1ce2ace6e9c239100"
            ],
            "index": "pypi",
            "version": "==1.4.0"
        },
        "paramiko": {
            "hashes": [
                "sha256:99f0179bdc176281d21961a003ffdb2ec369daac1a1007241f53374e376576cf",
                "sha256:f4b2edfa0d226b70bd4ca31ea7e389325990283da23465d572ed1f70a7583041"
            ],
            "index": "pypi",
            "version": "==2.6.0"
        },
        "pexpect": {
            "hashes": [
                "sha256:0b48a55dcb3c05f3329815901ea4fc1537514d6ba867a152b581d69ae3710937",
                "sha256:fc65a43959d153d0114afe13997d439c22823a27cefceb5ff35c2178c6784c0c"
            ],
            "version": "==4.8.0"
        },
        "prettytable": {
            "hashes": [
                "sha256:2d5460dc9db74a32bcc8f9f67de68b2c4f4d2f01fa3bd518764c69156d9cacd9",
                "sha256:853c116513625c738dc3ce1aee148b5b5757a86727e67eff6502c7ca59d43c36",
                "sha256:a53da3b43d7a5c229b5e3ca2892ef982c46b7923b51e98f0db49956531211c4f"
            ],
            "index": "pypi",
            "version": "==0.7.2"
        },
        "protobuf": {
            "hashes": [
                "sha256:0e247612fadda953047f53301a7b0407cb0c3cb4ae25a6fde661597a04039b3c",
                "sha256:0fc96785262042e4863b3f3b5c429d4636f10d90061e1840fce1baaf59b1a836",
                "sha256:1c51fda1bbc9634246e7be6016d860be01747354ed7015ebe38acf4452f470d2",
                "sha256:1d63eb389347293d8915fb47bee0951c7b5dab522a4a60118b9a18f33e21f8ce",
                "sha256:22bcd2e284b3b1d969c12e84dc9b9a71701ec82d8ce975fdda19712e1cfd4e00",
                "sha256:2a7e2fe101a7ace75e9327b9c946d247749e564a267b0515cf41dfe450b69bac",
                "sha256:43b554b9e73a07ba84ed6cf25db0ff88b1e06be610b37656e292e3cbb5437472",
                "sha256:4b74301b30513b1a7494d3055d95c714b560fbb630d8fb9956b6f27992c9f980",
                "sha256:4e75105c9dfe13719b7293f75bd53033108f4ba03d44e71db0ec2a0e8401eafd",
                "sha256:5b7a637212cc9b2bcf85dd828b1178d19efdf74dbfe1ddf8cd1b8e01fdaaa7f5",
                "sha256:5e9806a43232a1fa0c9cf5da8dc06f6910d53e4390be1fa06f06454d888a9142",
                "sha256:629b03fd3caae7f815b0c66b41273f6b1900a579e2ccb41ef4493a4f5fb84f3a",
                "sha256:72230ed56f026dd664c21d73c5db73ebba50d924d7ba6b7c0d81a121e390406e",
                "sha256:86a75477addde4918e9a1904e5c6af8d7b691f2a3f65587d73b16100fbe4c3b2",
                "sha256:8971c421dbd7aad930c9bd2694122f332350b6ccb5202a8b7b06f3f1a5c41ed5",
                "sha256:9616f0b65a30851e62f1713336c931fcd32c057202b7ff2cfbfca0fc7d5e3043",
                "sha256:b0d5d35faeb07e22a1ddf8dce620860c8fe145426c02d1a0ae2688c6e8ede36d",
                "sha256:ecc33531a213eee22ad60e0e2aaea6c8ba0021f0cce35dbf0ab03dee6e2a23a1"
            ],
            "version": "==3.14.0"
        },
        "psutil": {
            "hashes": [
                "sha256:01bc82813fbc3ea304914581954979e637bcc7084e59ac904d870d6eb8bb2bc7",
                "sha256:1cd6a0c9fb35ece2ccf2d1dd733c1e165b342604c67454fd56a4c12e0a106787",
                "sha256:2cb55ef9591b03ef0104bedf67cc4edb38a3edf015cf8cf24007b99cb8497542",
                "sha256:56c85120fa173a5d2ad1d15a0c6e0ae62b388bfb956bb036ac231fbdaf9e4c22",
                "sha256:5d9106ff5ec2712e2f659ebbd112967f44e7d33f40ba40530c485cc5904360b8",
                "sha256:6a3e1fd2800ca45083d976b5478a2402dd62afdfb719b30ca46cd28bb25a2eb4",
                "sha256:ade6af32eb80a536eff162d799e31b7ef92ddcda707c27bbd077238065018df4",
                "sha256:af73f7bcebdc538eda9cc81d19db1db7bf26f103f91081d780bbacfcb620dee2",
                "sha256:e02c31b2990dcd2431f4524b93491941df39f99619b0d312dfe1d4d530b08b4b",
                "sha256:fa38ac15dbf161ab1e941ff4ce39abd64b53fec5ddf60c23290daed2bc7d1157",
                "sha256:fbcac492cb082fa38d88587d75feb90785d05d7e12d4565cbf1ecc727aff71b7"
            ],
            "markers": "python_version >= '2.6' and python_version not in '3.0, 3.1, 3.2, 3.3'",
            "version": "==5.7.3"
        },
        "ptyprocess": {
            "hashes": [
                "sha256:923f299cc5ad920c68f2bc0bc98b75b9f838b93b599941a6b63ddbc2476394c0",
                "sha256:d7cc528d76e76342423ca640335bd3633420dc1366f258cb31d05e865ef5ca1f"
            ],
            "version": "==0.6.0"
        },
        "pyasn1": {
            "hashes": [
                "sha256:014c0e9976956a08139dc0712ae195324a75e142284d5f87f1a87ee1b068a359",
                "sha256:03840c999ba71680a131cfaee6fab142e1ed9bbd9c693e285cc6aca0d555e576",
                "sha256:0458773cfe65b153891ac249bcf1b5f8f320b7c2ce462151f8fa74de8934becf",
                "sha256:08c3c53b75eaa48d71cf8c710312316392ed40899cb34710d092e96745a358b7",
                "sha256:39c7e2ec30515947ff4e87fb6f456dfc6e84857d34be479c9d4a4ba4bf46aa5d",
                "sha256:5c9414dcfede6e441f7e8f81b43b34e834731003427e5b09e4e00e3172a10f00",
                "sha256:6e7545f1a61025a4e58bb336952c5061697da694db1cae97b116e9c46abcf7c8",
                "sha256:78fa6da68ed2727915c4767bb386ab32cdba863caa7dbe473eaae45f9959da86",
                "sha256:7ab8a544af125fb704feadb008c99a88805126fb525280b2270bb25cc1d78a12",
                "sha256:99fcc3c8d804d1bc6d9a099921e39d827026409a58f2a720dcdb89374ea0c776",
                "sha256:aef77c9fb94a3ac588e87841208bdec464471d9871bd5050a287cc9a475cd0ba",
                "sha256:e89bf84b5437b532b0803ba5c9a5e054d21fec423a89952a74f87fa2c9b7bce2",
                "sha256:fec3e9d8e36808a28efb59b489e4528c10ad0f480e57dcc32b4de5c9d8c9fdf3"
            ],
            "version": "==0.4.8"
        },
        "pyasn1-modules": {
            "hashes": [
                "sha256:0845a5582f6a02bb3e1bde9ecfc4bfcae6ec3210dd270522fee602365430c3f8",
                "sha256:0fe1b68d1e486a1ed5473f1302bd991c1611d319bba158e98b106ff86e1d7199",
                "sha256:15b7c67fabc7fc240d87fb9aabf999cf82311a6d6fb2c70d00d3d0604878c811",
                "sha256:426edb7a5e8879f1ec54a1864f16b882c2837bfd06eee62f2c982315ee2473ed",
                "sha256:65cebbaffc913f4fe9e4808735c95ea22d7a7775646ab690518c056784bc21b4",
                "sha256:905f84c712230b2c592c19470d3ca8d552de726050d1d1716282a1f6146be65e",
                "sha256:a50b808ffeb97cb3601dd25981f6b016cbb3d31fbf57a8b8a87428e6158d0c74",
                "sha256:a99324196732f53093a84c4369c996713eb8c89d360a496b599fb1a9c47fc3eb",
                "sha256:b80486a6c77252ea3a3e9b1e360bc9cf28eaac41263d173c032581ad2f20fe45",
                "sha256:c29a5e5cc7a3f05926aff34e097e84f8589cd790ce0ed41b67aed6857b26aafd",
                "sha256:cbac4bc38d117f2a49aeedec4407d23e8866ea4ac27ff2cf7fb3e5b570df19e0",
                "sha256:f39edd8c4ecaa4556e989147ebf219227e2cd2e8a43c7e7fcb1f1c18c5fd6a3d",
                "sha256:fe0644d9ab041506b62782e92b06b8c68cca799e1a9636ec398675459e031405"
            ],
            "version": "==0.2.8"
        },
        "pycparser": {
            "hashes": [
                "sha256:2d475327684562c3a96cc71adf7dc8c4f0565175cf86b6d7a404ff4c771f15f0",
                "sha256:7582ad22678f0fcd81102833f60ef8d0e57288b6b5fb00323d101be910e35705"
            ],
            "markers": "python_version >= '2.7' and python_version not in '3.0, 3.1, 3.2, 3.3'",
            "version": "==2.20"
        },
        "pyminizip": {
            "hashes": [
                "sha256:347be4c47d7390fc3265a3ce774fd036d0c85cf1efc9bd1ba5a3b3d28e89b255",
                "sha256:b001a5d0383fad73646b2d9db891f42e025c17f43d82ba1d7b75cae7c1ff4360"
            ],
            "index": "pypi",
            "version": "===0.2.4"
        },
        "pynacl": {
            "hashes": [
                "sha256:06cbb4d9b2c4bd3c8dc0d267416aaed79906e7b33f114ddbf0911969794b1cc4",
                "sha256:11335f09060af52c97137d4ac54285bcb7df0cef29014a1a4efe64ac065434c4",
                "sha256:2fe0fc5a2480361dcaf4e6e7cea00e078fcda07ba45f811b167e3f99e8cff574",
                "sha256:30f9b96db44e09b3304f9ea95079b1b7316b2b4f3744fe3aaecccd95d547063d",
                "sha256:4e10569f8cbed81cb7526ae137049759d2a8d57726d52c1a000a3ce366779634",
                "sha256:511d269ee845037b95c9781aa702f90ccc36036f95d0f31373a6a79bd8242e25",
                "sha256:537a7ccbea22905a0ab36ea58577b39d1fa9b1884869d173b5cf111f006f689f",
                "sha256:54e9a2c849c742006516ad56a88f5c74bf2ce92c9f67435187c3c5953b346505",
                "sha256:757250ddb3bff1eecd7e41e65f7f833a8405fede0194319f87899690624f2122",
                "sha256:7757ae33dae81c300487591c68790dfb5145c7d03324000433d9a2c141f82af7",
                "sha256:7c6092102219f59ff29788860ccb021e80fffd953920c4a8653889c029b2d420",
                "sha256:8122ba5f2a2169ca5da936b2e5a511740ffb73979381b4229d9188f6dcb22f1f",
                "sha256:9c4a7ea4fb81536c1b1f5cc44d54a296f96ae78c1ebd2311bd0b60be45a48d96",
                "sha256:c914f78da4953b33d4685e3cdc7ce63401247a21425c16a39760e282075ac4a6",
                "sha256:cd401ccbc2a249a47a3a1724c2918fcd04be1f7b54eb2a5a71ff915db0ac51c6",
                "sha256:d452a6746f0a7e11121e64625109bc4468fc3100452817001dbe018bb8b08514",
                "sha256:ea6841bc3a76fa4942ce00f3bda7d436fda21e2d91602b9e21b7ca9ecab8f3ff",
                "sha256:f8851ab9041756003119368c1e6cd0b9c631f46d686b3904b18c0139f4419f80"
            ],
            "markers": "python_version >= '2.7' and python_version not in '3.0, 3.1, 3.2, 3.3'",
            "version": "==1.4.0"
        },
        "pyspellchecker": {
            "hashes": [
                "sha256:6ff9d7cd4da76c8f112b83e46bd2a19c2a6aa9300266af927b98b8eb7dc95fdd",
                "sha256:bdf564fbeeb4ae456bffa6557c08199c7048fb103553dbaa8ffe36b248d9b5c1"
            ],
            "index": "pypi",
            "version": "==0.5.2"
        },
        "python-daemon": {
            "hashes": [
                "sha256:57c84f50a04d7825515e4dbf3a31c70cc44414394a71608dee6cfde469e81766",
                "sha256:a0d5dc0b435a02c7e0b401e177a7c17c3f4c7b4e22e2d06271122c8fec5f8946"
            ],
            "version": "==2.2.4"
        },
        "python-dateutil": {
            "hashes": [
                "sha256:73ebfe9dbf22e832286dafa60473e4cd239f8592f699aa5adaf10050e6e1823c",
                "sha256:75bb3f31ea686f1197762692a9ee6a7550b59fc6ca3a1f4b5d7e32fb98e2da2a"
            ],
            "markers": "python_version >= '2.7' and python_version not in '3.0, 3.1, 3.2'",
            "version": "==2.8.1"
        },
        "pytz": {
            "hashes": [
                "sha256:3e6b7dd2d1e0a59084bcee14a17af60c5c562cdc16d828e8eba2e683d3a7e268",
                "sha256:5c55e189b682d420be27c6995ba6edce0c0a77dd67bfbe2ae6607134d5851ffd"
            ],
            "version": "==2020.4"
        },
        "pyyaml": {
            "hashes": [
                "sha256:06a0d7ba600ce0b2d2fe2e78453a470b5a6e000a985dd4a4e54e436cc36b0e97",
                "sha256:240097ff019d7c70a4922b6869d8a86407758333f02203e0fc6ff79c5dcede76",
                "sha256:4f4b913ca1a7319b33cfb1369e91e50354d6f07a135f3b901aca02aa95940bd2",
                "sha256:6034f55dab5fea9e53f436aa68fa3ace2634918e8b5994d82f3621c04ff5ed2e",
                "sha256:69f00dca373f240f842b2931fb2c7e14ddbacd1397d57157a9b005a6a9942648",
                "sha256:73f099454b799e05e5ab51423c7bcf361c58d3206fa7b0d555426b1f4d9a3eaf",
                "sha256:74809a57b329d6cc0fdccee6318f44b9b8649961fa73144a98735b0aaf029f1f",
                "sha256:7739fc0fa8205b3ee8808aea45e968bc90082c10aef6ea95e855e10abf4a37b2",
                "sha256:95f71d2af0ff4227885f7a6605c37fd53d3a106fcab511b8860ecca9fcf400ee",
                "sha256:ad9c67312c84def58f3c04504727ca879cb0013b2517c85a9a253f0cb6380c0a",
                "sha256:b8eac752c5e14d3eca0e6dd9199cd627518cb5ec06add0de9d32baeee6fe645d",
                "sha256:cc8955cfbfc7a115fa81d85284ee61147059a753344bc51098f3ccd69b0d7e0c",
                "sha256:d13155f591e6fcc1ec3b30685d50bf0711574e2c0dfffd7644babf8b5102ca1a"
            ],
            "markers": "python_version != '3.4'",
            "version": "==5.3.1"
        },
        "requests": {
            "hashes": [
                "sha256:27973dd4a904a4f13b263a19c866c13b92a39ed1c964655f025f3f8d3d75b804",
                "sha256:c210084e36a42ae6b9219e00e48287def368a26d03a048ddad7bfee44f75871e"
            ],
            "markers": "python_version >= '2.7' and python_version not in '3.0, 3.1, 3.2, 3.3, 3.4'",
            "version": "==2.25.1"
        },
        "rsa": {
            "hashes": [
                "sha256:25df4e10c263fb88b5ace923dd84bf9aa7f5019687b5e55382ffcdb8bede9db5",
                "sha256:43f682fea81c452c98d09fc316aae12de6d30c4b5c84226642cf8f8fd1c93abd"
            ],
            "index": "pypi",
            "version": "==3.4.2"
        },
        "s3transfer": {
            "hashes": [
                "sha256:2482b4259524933a022d59da830f51bd746db62f047d6eb213f2f8855dcb8a13",
                "sha256:921a37e2aefc64145e7b73d50c71bb4f26f46e4c9f414dc648c6245ff92cf7db"
            ],
            "version": "==0.3.3"
        },
        "six": {
            "hashes": [
                "sha256:30639c035cdb23534cd4aa2dd52c3bf48f06e5f4a941509c8bafd8ce11080259",
                "sha256:8b74bedcbbbaca38ff6d7491d76f2b06b3592611af620f8426e82dddb04a5ced"
            ],
            "markers": "python_version >= '2.7' and python_version not in '3.0, 3.1, 3.2'",
            "version": "==1.15.0"
        },
        "slackclient": {
            "hashes": [
                "sha256:2623a76d9b94671d34c258366a1b726ba6e9499931bf1e515e4a61fea9855445"
            ],
            "index": "pypi",
            "version": "==1.3.2"
        },
        "urllib3": {
            "hashes": [
                "sha256:8d7eaa5a82a1cac232164990f04874c594c9453ec55eef02eab885aa02fc17a2",
                "sha256:f5321fbe4bf3fefa0efd0bfe7fb14e90909eb62a48ccda331726b4319897dd5e"
            ],
            "markers": "python_version != '3.4'",
            "version": "==1.25.11"
        },
        "websocket-client": {
            "hashes": [
                "sha256:8c8bf2d4f800c3ed952df206b18c28f7070d9e3dcbd6ca6291127574f57ee786",
                "sha256:e51562c91ddb8148e791f0155fdb01325d99bb52c4cdbb291aee7a3563fd0849"
            ],
            "version": "==0.54.0"
        }
    },
    "develop": {}
}
