{
    "_meta": {
        "hash": {
            "sha256": "0ae26be331b47453356d6396f2373fe78beeca48e180c16c7a9837300363be13"
        },
        "pipfile-spec": 6,
        "requires": {
            "python_version": "3.12"
        },
        "sources": [
            {
                "name": "pypi",
                "url": "https://pypi.org/simple",
                "verify_ssl": true
            }
        ]
    },
    "default": {
        "annotated-doc": {
            "hashes": [
                "sha256:571ac1dc6991c450b25a9c2d84a3705e2ae7a53467b5d111c24fa8baabbed320",
                "sha256:fbcda96e87e9c92ad167c2e53839e57503ecfda18804ea28102353485033faa4"
            ],
            "markers": "python_version >= '3.8'",
            "version": "==0.0.4"
        },
        "annotated-types": {
            "hashes": [
                "sha256:1f02e8b43a8fbbc3f3e0d4f0f4bfc8131bcb4eebe8849b8e5c773f3a1c582a53",
                "sha256:aff07c09a53a08bc8cfccb9c85b05f1aa9a2a6f23728d790723543408344ce89"
            ],
            "markers": "python_version >= '3.8'",
            "version": "==0.7.0"
        },
        "anyio": {
            "hashes": [
                "sha256:b47c1f9ccf73e67021df785332508f99379c68fa7d0684e8e3492cb1d4b23f89",
                "sha256:dd9b7a2a9799ed6552fde617b2c5df02b7fdd7d88392fc48101e51bae46164d9"
            ],
            "markers": "python_version >= '3.10'",
            "version": "==4.14.0"
        },
        "click": {
            "hashes": [
                "sha256:482be17c6991b8c19c5429a1e995d9b0efdbb63172824c41f99965dc0ade8ec2",
                "sha256:918b5633eddf6b41c32d4f454bf0de810065c74e3f7dbf8ee5452f8be88d3e96"
            ],
            "markers": "python_version >= '3.10'",
            "version": "==8.4.1"
        },
        "fastapi": {
            "hashes": [
                "sha256:791d36261e916a98b25ac85ee591bc3db159394070f6d3d096d94fb378f60ce2",
                "sha256:b9d893bebc97dcfbdcb1917e88a292d062844ea19445a5fa4f7eb28c4baea9e3"
            ],
            "index": "pypi",
            "markers": "python_version >= '3.10'",
            "version": "==0.137.2"
        },
        "gevent": {
            "hashes": [
                "sha256:032157cebdedb84f2f52cdd980f2f5f2623eed6a8f083aadf44b44c47f628642",
                "sha256:0bf57df54f1c66273bf3601c2a1e41b12138fe848933718369663bc54f177ca2",
                "sha256:1101b5ef82a3fb178550cfd80f32293dc8dd2f3d0828292223ebba29d6f76e33",
                "sha256:1655eb04c1e20d71b2aa4a3c7528162dd58ff6cc46a037af1f01f534c80fefba",
                "sha256:1c6293a7046bcc6f3d8972a74b19cd7a4cfd02d3881edf0fcf827aa514bd247b",
                "sha256:1d8da4e799431feeb4c9e441ac7431f0baabb9106976790d884289d08ac08359",
                "sha256:23569ce0c254eb821fc3dcfe250843dde8b3180b09bae9e222e41aa3fa4885b7",
                "sha256:271b1474d81bb33036631adb16a35e5a1ee9dc414b05c999d6b01dc839a89975",
                "sha256:2a0f5993a04b95a35b3a118b1a58ba272833f9b547b774001dea29f90620882f",
                "sha256:2ba673dcbf7747513b58fa64ca7e9d6a828bc5c604d1552d23db89006d7911df",
                "sha256:2e117df896a2660c9ebd4e2b5afc02dfd6e2ddf9b495e787e67c72d105432b09",
                "sha256:354f35924113abc954819216c2a6ee16751958c615681e0490946e31b437bd2f",
                "sha256:3be804565168ffacebeb21af9f1cd689831a89f0f12fc0c3f423c730c3c9eb31",
                "sha256:40cdcdb2e404b6c82b82a4576bdb33958f23fc2deb0d933e9e022b362001e647",
                "sha256:45d5438d1c84da5df7e832434627624709543630977332bb4e2d05ecca362cc9",
                "sha256:4c964c15076e76391d523ec24202f579a2535f7e301a40efb1656ae046d3eb69",
                "sha256:4d53b1b28f2082a151bded2850b53f6baed02f742d2a1584029e8bd42d457fb4",
                "sha256:51becdb4c30a8f45c1c028ad7a97bf5a1ed141f74b159a31aa9cc6aa1e6263a6",
                "sha256:5233109ad4f3af16393ba9888f238919a05ce15ce68d6831ac8a0da8dfb750ae",
                "sha256:5c5ff29495a2eed2a244de8150f21893d6c1b15d8b4b5719ab4bbfa06db1e28f",
                "sha256:68c5fc21cef80268cdff88a4ae6c025fabb019b071f6f8ee4d20a7bccbddb873",
                "sha256:75a0050e4b87f08ddee7e56f59e6014cd7fcdc3153046c09a847940515d12c85",
                "sha256:7da34aef7e87c43dd3662e5785e79ed505c01399a7cb42876d2d8925969fd75f",
                "sha256:96d5e96b1b14a4c1023dcfcc114533217f13febc3b6169254f23fc18d19fee29",
                "sha256:9b4d3f34c913d1a6bec6d030365a517f3b527a9773b12e58cf56c3339bbe96e6",
                "sha256:9c414935ba5fc88359110968851d3616f119082c937390d00a1c0f4f59be814f",
                "sha256:9f463c7d6f69d13b6fe8e3b832a6175a6e95328a940f38495d25496d1ae8ad88",
                "sha256:a11daf3a588b932c8bf965fb18444c69aff48badec88435e988cf8d67137075a",
                "sha256:a47cd2d32f6404212d374ad8014a3491d7477dcf0cc09c5a2308ad6d325fd663",
                "sha256:aae214952fd38d27a42dc416bb70193962ec932384b63445d29bbb5817a1c042",
                "sha256:af5ffe9c11ffb8a39b6bef2e8b722aa2043ae4980977915c6aa8c68b4bc26e46",
                "sha256:b2239df2f7570efa03736678f3f053bb1bdd22a8a16cd28a2feb7d32ea5f533f",
                "sha256:b573d5b2826edc705f31f07da6889ad483a6a0d64944ebd8d32205f7c5bf46fb",
                "sha256:bccff69c462e3650a0fd1d4e9cfc8b6effe15f3e9b1cad20a7bb5ce14b057efd",
                "sha256:bd3445e4fbeeb46690ed8efe94b8d1d46b14aa04af8866ae7a8da5997828d1c6",
                "sha256:c42bbcd3d453b08ad8915fd3feaf3d44a3562cdf1c7b208f9837149711e16d9d",
                "sha256:cd3dc60581687e2618286108f8e2f820d8446be4b34131065011c066e911d39c",
                "sha256:d325502eb0695708ef8c899f605573ed6847f3961f8159627dba267fbf3ce457",
                "sha256:d3bde0f140a275b2fa88e4b6516bda85551930e10bc2fd95e18c1b7d11cb780c",
                "sha256:dc7fa28b2d627f8e87595f39043b6dec71e8e7fb97e685e5506c47cf3ff8cb2e",
                "sha256:e29fb4b17d9958ec8cb7f6339a111b29bc23f2c2efbef86189d1248bb4862d17",
                "sha256:e49ce0de007dfd7412edbc2b5d41cce33b049bb1b7086f50be5a09e601bde603",
                "sha256:e80ad2a8a1e8bdaa5605e3bf4929e0cebf9ea7b8237c83362f7257698bb14280",
                "sha256:f519139354d5ca7625df9ddb1b2ffada885c14abc5b4dbae3682e967ddf79669",
                "sha256:f7067564f139e33bf26a31ee3b13d168d76eb99a44b85ced626652b158baa80c",
                "sha256:fd1a0b83a04e19378d9466ae0ee2b5937cf1d7fbfdcb916b2aea82179a208574",
                "sha256:fe42c037253580a3386fce275f8a2a845e540f5a729916934a732f13d42e72cc"
            ],
            "index": "pypi",
            "markers": "python_version >= '3.9'",
            "version": "==26.5.0"
        },
        "greenlet": {
            "hashes": [
                "sha256:001775efe7b8e758861294c7a27c28af87f3f3f1c20468a2bc618c45b346c061",
                "sha256:00929c98ec525fd9bf075875d8c5f6a983a90906cdf78a66e6de2d8e466c2a19",
                "sha256:017a544f0385d441e88714160d089d6900ef46c9eff9d99b6715a5ef2d127747",
                "sha256:089fff7a6ce8d9316d1f65ebc00273a56be258c1725b32b94de90a3a979557e1",
                "sha256:1072b4f9edcc1e192d9283a66a3e68d6b84c561de33a83d7858beb9ba1effe10",
                "sha256:10a9a1c0bfbc93d41156ffcb90c75fbc05544054faf15dcc1fdf9765f8b607f0",
                "sha256:110a1ca7b49b014b097f6078272c3f4ed31af45b254de5228b79adba879f6af9",
                "sha256:111e2390ffffc47d5840b01711dd7fac07d4c09283d0283e7f3264b14e284c64",
                "sha256:17d86354f0ae6b61bf9be5148d0dd34e06c3cb7c602c671f79f29ac3b150e659",
                "sha256:1ffdb3c0bb002c99cd8f298957e046c3dbf6006b5b7cdf11a4e19194624a0a0a",
                "sha256:2baee5ca02031757ffe8cc3d69f0cc0aec7065ce362622da74f32d3bcab1c541",
                "sha256:2c18ef16bf6d4dd410e4dd52996888ea1497be26892fe5bbc73580aba4287b8e",
                "sha256:2f82b3597e9d83b63408affed0b48fd0f54935edac4302237b9a837be0dae33c",
                "sha256:3bfbd69cc349e43bf3a8ae1c85548ff0718efc887615c2db16c3833d7b0b072d",
                "sha256:3c8bb982ad117d29478ef8f5533e97df21f1e2befd17a299257b0c96d1371c0b",
                "sha256:3d955c89b75eeca4723d7cc14135f393cd47c32e2a6cb4a8e4c6e760a26b0986",
                "sha256:4378720dd888136c27215a0214d32a4d37c3852765d45bc37aad0623423cfd78",
                "sha256:45718441607f9325d948db98cbc691276059316d0358c188c246da4e1d4d23d2",
                "sha256:5028648bf2253ec4745add746129d3904121fa7fe871a76bed23c5720573ce0a",
                "sha256:50ae25a67bea74ea41fb14b960bc532df73eb713417b2d61892dced82fe8d3bc",
                "sha256:51518ff74664078fc51bffcc6fc529b0df5ae58da192691cee765d45ce944a2b",
                "sha256:540dae7b956209af4d70a3be35927b4055f617763771e5e84a5255bea934d2f5",
                "sha256:5a56aeb7d5d9cc4b3a735efb5095bd4b4f6f0e4f93e5ca876d0e2315137b7829",
                "sha256:5e300185139abc337ade480c327183adf42a875ac7181bfe66d7d4efea31fbea",
                "sha256:67821bb03e4e98664490edb787ff6af501194c29bbee0f5c1dfdcf1dc3d9d436",
                "sha256:6c09df69dc1712d131332054a858a3e5cca400967fa3a672e2324fbb0971448c",
                "sha256:6ebeb75c81211f5c702576cf81f315e77e23cfdb2c7c6fcb9dd143e6de35c360",
                "sha256:73f78f9b9f0a5c06e5c946ba1e8e36f5114923b6be109ee618c54f079c3ea14f",
                "sha256:7546556f0d649f99f6a361098a55f761181bb2ea12ff150bb16d26092ad88244",
                "sha256:7715a5a2c3378ba602c3a440558261e13a820bb53a82693aacd7b7f6d964e283",
                "sha256:7b5f5fae05b8ac6d176a61b60c394a8cbdc2b5b91b81793066e68745cf165e54",
                "sha256:7eacb17a9d41538a2bc4912eba5ef13823c83cb69e4d141d0813debe7163187f",
                "sha256:7ffdb990dcaa0234cf9845aead5df2e3c3a8b6507d409274dd87e0d5ab05ffc2",
                "sha256:80eb4b04dadc4e67df3fae179a32c4706a3f495bc7f22fc8a81115d5f5512188",
                "sha256:88e300d136eac057b2397aa1cfd7328b4c87c7eb66a09c7bc6a1292234db474e",
                "sha256:89101bfd5011e069be974903cb3a4e4523845e4ece2d62dcd8d358933c0ef249",
                "sha256:8a17c42330e261299766b75ac1ea32caa437a9453c8f65d16a13140db378ecd3",
                "sha256:8a271fcd66c74615cda6a964fda3f304267a12e50a084472218a39bb0376f563",
                "sha256:8d8a23250ea3ec7b36de8fa4b541e9e2db3ee82915cc060ab0631609ad8b28de",
                "sha256:92fd6d44ac5e5a887c8a5dc4a8ba0ba908527c31c12f78c6bc7dcfe8aab279f6",
                "sha256:975eac34b44a7077ca4d421348455b94f0f518246a7f14bc6d2fdcfe5b584368",
                "sha256:9ab3c3a0b2ae6198e67c898dad5215a49f9ae0d0081b3c3ec59f333e39eeca26",
                "sha256:9b1ec3274918a81d3ea778b9e75b56b72b33f300edb6cf7f3a7fe1dae56683de",
                "sha256:9d59e840387076a51016777a9328b3f2c427c6f9208a6e958bad251be50a648d",
                "sha256:a0cbed8bb44e23c5b199f888f4e4ce096b45ad9f25ff74a7ad0213875e936bb2",
                "sha256:a19570c52a21420dcbc94e661994bc325c0b5b11304540fed514586da5dc8f2e",
                "sha256:a203a8bd0acb0701653d3bbb26e404854a68674139ed5cbb778830f42b09bb33",
                "sha256:a4764e0bfc6a4d114c865b32520805c16a990ef5f286a514413b05d5ecd6a23d",
                "sha256:a57b0d05a0448eed231d59c0ceb287dde984551e54cbc51ac2d4865712838e9c",
                "sha256:a5c81f74d204d3edd136ebfd50dce53acbb776995d721a0fe801626cfc93b8cd",
                "sha256:a5ea42a752d47a145eae922b605cd1634665ac3d5ec1e72402d5048e8d60d207",
                "sha256:a6fdf2433a5441ef9a95464f7c3e674775da1c8c1177fff311cee1acad4626ed",
                "sha256:add5217d68b31130f0beca584d7fef4878327d2e31642b66618a14eef312b63b",
                "sha256:b0703c2cef53e01baec47f7a3868009913ad71ec678bbecb42a6f40895e4ce62",
                "sha256:b9152fca4a6466e114aaec745ae61cba739903a109754a9d4e1262f01e9259b1",
                "sha256:c0141e37414c10164e702b8fb1473304221ad98f71600850c6ef7ff4880feba0",
                "sha256:c3d35f87c7253b715d13d679e0783d845910144f282cb939fe1ba4ac8616269c",
                "sha256:c5551170cf4f5ff5623e9af81323751979fee2c731e2287b61f73cd27257b823",
                "sha256:cbfc69be86e10dcfef5b1e6269d1d6926552aa89ee39e1de3353360c1b6989ab",
                "sha256:cc6ab7e555c8a112ad3a76e368e86e12a2754bcae1652a5602e133ec7b635523",
                "sha256:cd443683db272ebaaca03af98c0b063ab30db70ea8a31a1559f35e3f7b744ccd",
                "sha256:d0932b81d72f552ded9d810d00021b64d89f2195a91ce115b893f943b7a4ab3c",
                "sha256:d40a890035c0058cadbdc4af7569800fd28a0e527a0fdbb7b5f9418f176846ce",
                "sha256:d5ee3ea898009fa898f85f9982255d35278c477bebe185beca249cab42d4526c",
                "sha256:d8ab31c9de8651a2facdd5c5bb0011f2380dd1a7af78ce2adf4b56095294fc07",
                "sha256:dc71ff466927a201b08305acac451ebe1aedfcea002f62f1f2f2ac2ac1e6a135",
                "sha256:de2daaaebd1a5aa88c49045b6baf9310b3263796bd88db713edf37cf53e7bb4e",
                "sha256:ded7b068c7c31c1a8657d4fd42d886b3e051ae29f88b80c5ff9d502257b0f071",
                "sha256:e5cc9606aa5f4e0bde0d3bd502b44f743864c3ffa5cfa1011b1e30f5aa02366f",
                "sha256:e630136e905fe5ff43e86945ae41220b6d1470956a39220e708110ac48d01ea5",
                "sha256:e6cd99ea59dd5d89f0c956606571d79bfe6f68c9eb7f4a4083a41a7f1587edee",
                "sha256:e7516cf6ae6b8a582c2770a0caed47b8a48373ed732c33d69a72913ae6ac923e",
                "sha256:ea37d5a157eb9493820d3792ac4ece28619a394391d2b9f2f78057d396ff0f0f",
                "sha256:ea8da1e900d758d078810d4255d8c6aa572181896a31ec79d779eb79c3adc9ad",
                "sha256:ed8cdb691169715a9a492844a83246f090182247d1a5031dc78a403f68ba1e97",
                "sha256:ef08c1567c78074b22d1a200183d52d04a14df447bf70bcbb6a3507a48e776fc",
                "sha256:f16ba1efc0715b680a18b8123d90dad887c6112ae3555b4b5c32c149540c6b4e",
                "sha256:fa4f98af3a528f0c3fd592a26df7f376f93329c8f4d987f6bb979057af8bf5e2",
                "sha256:ffea73584b216150eab159b6d12348fb253e68757974de1e2c40d8a318ac89ed"
            ],
            "markers": "python_version >= '3.10'",
            "version": "==3.5.1"
        },
        "h11": {
            "hashes": [
                "sha256:4e35b956cf45792e4caa5885e69fba00bdbc6ffafbfa020300e549b208ee5ff1",
                "sha256:63cf8bbe7522de3bf65932fda1d9c2772064ffb3dae62d55932da54b31cb6c86"
            ],
            "markers": "python_version >= '3.8'",
            "version": "==0.16.0"
        },
        "idna": {
            "hashes": [
                "sha256:7f952cbe720b688055e3f87de14f5c3e5fdaa8bc3928985c4077ca689de849a2",
                "sha256:ffb385a7e039654cef1ab9ef32c6fafe283c0c0467bba1d9029738ce4a14a848"
            ],
            "markers": "python_version >= '3.9'",
            "version": "==3.18"
        },
        "lark-parser": {
            "hashes": [
                "sha256:062800f3823a6c733ec1d181a2089a22d1f62dbe65f90a3f6b1e6de1934b05ef"
            ],
            "version": "==0.6.7"
        },
        "pydantic": {
            "hashes": [
                "sha256:45a282cde31d808236fd7ea9d919b128653c8b38b393d1c4ab335c62924d9aba",
                "sha256:c40756b57adaa8b1efeeced5c196f3f3b7c435f90e84ea7f443901bec8099ef6"
            ],
            "index": "pypi",
            "markers": "python_version >= '3.9'",
            "version": "==2.13.4"
        },
        "pydantic-core": {
            "hashes": [
                "sha256:00c603d540afdd6b80eb39f078f33ebd46211f02f33e34a32d9f053bba711de0",
                "sha256:0186750b482eefa11d7f435892b09c5c606193ef3375bcf94aa00ae6bfb66262",
                "sha256:041bde0a48fd37cf71cab1c9d56d3e8625a3793fef1f7dd232b3ff37e978ecda",
                "sha256:0c563b08bca408dc7f65f700633d8442fffb2421fc47b8101377e9fd65051ff0",
                "sha256:0cbe8b01f948de4286c74cdd6c667aceb38f5c1e26f0693b3983d9d74887c65e",
                "sha256:0ce40cd7b21210e99342afafbd4d0f76d784eb5b1d60f3bdc566be4983c6c73b",
                "sha256:0e96592440881c74a213e5ad528e2b24d3d4f940de2766bed9010ab1d9e51594",
                "sha256:10e17cbb10a330363733efc4d7c4d0dd827ac0909b8f6a6542298fed1ea62f29",
                "sha256:133878133d271ade3d41d1bfb2a45ec38dbdbda40bc065921c6b04e4630127e2",
                "sha256:14d4edf427bdcf950a8a02d7cb44a08614388dd6e1bdcbf4f67504fa7887da9c",
                "sha256:14f4c5d6db102bd796a627bbb3a17b4cf4574b9ae861d8b7c9a9661c6dd3362d",
                "sha256:17299feefe090f2caa5b8e37222bb5f663e4935a8bfa6931d4102e5df1a9f398",
                "sha256:184c081504d17f1c1066e430e117142b2c77d9448a97f7b65c6ac9fd9aee238d",
                "sha256:18e5ceec2ab67e6d5f1a9085e5a24c9c4e2ac4545730bfe668680bca05e555f3",
                "sha256:19e51f073cd3df251856a8a4189fbdf1de4012c3ebacfb1884f94f1eb406079f",
                "sha256:1a7dd0b3ee80d90150e3495a3a13ac34dbcbfd4f012996a6a1d8900e91b5c0fb",
                "sha256:1d8ba486450b14f3b1d63bc521d410ec7565e52f887b9fb671791886436a42f7",
                "sha256:2108ba5c1c1eca18030634489dc544844144ee36357f2f9f780b93e7ddbb44b5",
                "sha256:228ee9bae8bef5b1e97ec58302f80357c37199e0d0a99174e138d28e6957b9d9",
                "sha256:23ace664830ee0bfe014a0c7bc248b1f7f25ed7ad103852c317624a1083af462",
                "sha256:2412e734dcb48da14d4e4006b82b46b74f2518b8a26ee7e58c6844a6cd6d03c4",
                "sha256:29c61fc04a3d840155ff08e475a04809278972fe6aef51e2720554e96367e34b",
                "sha256:2f84c03c8607173d16b5a854ec68a2f9079ae03237a54fb506d13af47e1d018d",
                "sha256:3009f12e4e90b7f88b4f9adb1b0c4a3d58fe7820f3238c190047209d148026df",
                "sha256:3245406455a5d98187ec35530fd772b1d799b26667980872c8d4614991e2c4a2",
                "sha256:3447661d99f75a3683a4cf5c87da72f2161964611864dbbeac7fbb118bb4bfc0",
                "sha256:372429a130e469c9cd698925ce5fc50940b7a1336b0d82038e63d5bbc4edc519",
                "sha256:395aebd9183f9d112f569aeb5b2214d1a10a33bec8456447f7fbdfa51d38d4cd",
                "sha256:3a233125ac121aa3ffba9a2b59edfc4a985a76092dc8279586ab4b71390875e7",
                "sha256:3be77f45df024d789a672ae34f8b06fb346c4f9f46ea714956660ea4862e89ac",
                "sha256:3bf92c5d0e00fefaab325a4d27828fe6b6e2a21848686b5b60d2d9eeb09d76c6",
                "sha256:3ecbc122d18468d06ca279dc26a8c2e2d5acb10943bb35e36ae92096dc3b5565",
                "sha256:3fb702cd90b0446a3a1c5e470bfa0dd23c0233b676a9099ddcc964fa6ca13898",
                "sha256:428e04521a40150c85216fc8b85e8d39fece235a9cf5e383761238c7fa9b96fb",
                "sha256:432c179df7874eeb73307aad2df0755e1ae0efa61ff0ea89b93e194411ae3928",
                "sha256:4a05d69cba51d852c5c3e92758653245a50c0b646ced0cf05bd793ed592839d6",
                "sha256:4c63ebc82684aa89d9a3bcbd13d515b3be44250dc68dd3bd81526c1cb31286c3",
                "sha256:4fc73cb559bdb54b1134a706a2802a4cddd27a0633f5abb7e53056268751ac6a",
                "sha256:4fcbe087dbc2068af7eda3aa87634eba216dbda64d1ae73c8684b621d33f6596",
                "sha256:56cb4851bcaf3d117eddcef4fe66afd750a50274b0da8e22be256d10e5611987",
                "sha256:5855698a4856556d86e8e6cd8434bc3ac0314ee8e12089ae0e143f64c6256e4e",
                "sha256:5a4330cdbc57162e4b3aa303f588ba752257694c9c9be3e7ebb11b4aca659b5d",
                "sha256:5b712b53160b79a5850310b912a5ef8e57e56947c8ad690c227f5c9d7e561712",
                "sha256:5d5902252db0d3cedf8d4a1bc68f70eeb430f7e4c7104c8c476753519b423008",
                "sha256:617d7e2ca7dcb8c5cf6bcb8c59b8832c94b36196bbf1cbd1bfb56ed341905edd",
                "sha256:62f875393d7f270851f20523dd2e29f082bcc82292d66db2b64ea71f64b6e1c1",
                "sha256:633147d34cf4550417f12e2b1a0383973bdf5cdfde212cb09e9a581cf10820be",
                "sha256:66ce7632c22d837c95301830e111ad0128a32b8207533b60896a96c4915192ea",
                "sha256:6b3ace8194b0e5204818c92802dcdca7fc6d88aabbb799d7c795540d9cd6d292",
                "sha256:6f2eeda33a839975441c86a4119e1383c50b47faf0cbb5176985565c6bb02c33",
                "sha256:7027560ee92211647d0d34e3f7cd6f50da56399d26a9c8ad0da286d3869a53f3",
                "sha256:7283d57845ecf5a163403eb0702dfc220cc4fbdd18919cb5ccea4f95ee1cdab4",
                "sha256:7a5f930472650a82629163023e630d160863fce524c616f4e5186e5de9d9a49b",
                "sha256:7bfb192b3f4b9e8a89b6277b6ce787564f62cfd272055f6e685726b111dc7826",
                "sha256:811ff8e9c313ab425368bcbb36e5c4ebd7108c2bbf4e4089cfbb0b01eff63fac",
                "sha256:8233f2947cf85404441fd7e0085f53b10c93e0ee78611099b5c7237e36aacbf7",
                "sha256:82cf5301172168103724d49a1444d3378cb20cdee30b116a1bd6031236298a5d",
                "sha256:8358a950c8909158e3df31538a7e4edc2d7265a7c54b47f0864d9e5bae9dcebf",
                "sha256:85bb3611ff1802f3ee7fdd7dbff26b56f343fb432d57a4728fdd49b6ef35e2f4",
                "sha256:86e1a4418c6cd97d60c95c71164158eaf7324fae7b0923264016baa993eba6fc",
                "sha256:8b9bab013d1c7a79d3501ff86d0bc9c31bf587db4551677b96bec07df78c6b15",
                "sha256:8c5dac79fa1614d1e06ca695109c6105923bd9c7d1d6c918d4e637b7e6b32fd3",
                "sha256:8d0820e8192167f80d88d64038e609c31452eeca865b4e1d9950a27a4609b00b",
                "sha256:8daafc69c93ee8a0204506a3b6b30f586ef54028f52aeeeb5c4cfc5184fd5914",
                "sha256:9037063db01f09b09e237c282b6792bd4da634b5402c4e7f0c61effed7701a04",
                "sha256:905a0ed8ea6f2d61c1738835f99b699348d7857379083e5fc497fa0c967a407c",
                "sha256:90884113d8b48f760e9587002789ddd741e76ab9f89518cd1e43b1f1a52ec44b",
                "sha256:91a06d2e259ecfbd8c901d70c3c507900458498142b3026a296b7de4d1322cc9",
                "sha256:926c9541b14b12b1681dca8a0b75feb510b06c6341b70a8e500c2fdcff837cce",
                "sha256:9401557acd873c3a7f3eb9383edef8ac4968f9510e340f4808d427e75667e7b4",
                "sha256:9551187363ffc0de2a00b2e47c25aeaeb1020b69b668762966df15fc5659dd5a",
                "sha256:962ccbab7b642487b1d8b7df90ef677e03134cf1fd8880bf698649b22a69371f",
                "sha256:97e7cf2be5c77b7d1a9713a05605d49460d02c6078d38d8bef3cbe323c548424",
                "sha256:9aa768456404a8bf48a4406685ac2bec8e72b62c69313734fa3b73cf33b3a894",
                "sha256:9bc519fbf2b7578398853d815009ae5e4d4603d12f4e3f91da8c06852d3da3e9",
                "sha256:9d56801be94b86a9da183e5f3766e6310752b99ff647e38b09a9500d88e46e76",
                "sha256:9f444c499b3eefd3a92e348059471ea0c3a6e303d9c1cec09fa748fd9f895201",
                "sha256:9fa8ae11da9e2b3126c6426f147e0fba88d96d65921799bb30c6abd1cb2c97fb",
                "sha256:a0f62d0a58f4e7da165457e995725421e0064f2255d8eccebc49f41bbc23b109",
                "sha256:a396dcc17e5a0b164dbe026896245a4fa9ff402edca1dff0be3d53a517f74de4",
                "sha256:aaa2a54443eff1950ba5ddc6b6ccda0d9c84a364276a62f969bdf2a390650848",
                "sha256:ad785e92e6dc634c21555edc8bd6b64957ab844541bcb96a1366c202951ae526",
                "sha256:af8244b2bef6aaad6d92cda81372de7f8c8d36c9f0c3ea36e827c60e7d9467a0",
                "sha256:b078afbc25f3a1436c7a1d2cd3e322497ee99615ba97c563566fdf46aff1ee01",
                "sha256:b2f69dec1725e79a012d920df1707de5caf7ed5e08f3be4435e25803efc47458",
                "sha256:b8458003118a712e66286df6a707db01c52c0f52f7db8e4a38f0da1d3b94fc4e",
                "sha256:bb63e0198ca18aad131c089b9204c23079c3afa95487e561f4c522d519e55aba",
                "sha256:bfec22eab3c8cc2ceec0248aec886624116dc079afa027ecc8ad4a7e62010f8a",
                "sha256:c1747f85cee84c26985853c6f3d9bd3e75da5212912443fa111c113b9c246f39",
                "sha256:c1b3f518abeca3aa13c712fd202306e145abf59a18b094a6bafb2d2bbf59192c",
                "sha256:c50f2528cf200c5eed56faf3f4e22fcd5f38c157a8b78576e6ba3168ec35f000",
                "sha256:c68fcd102d71ea85c5b2dfac3f4f8476eff42a9e078fd5faefff6d145063536b",
                "sha256:c7a7bd4e39e8e4c12c39cd480356842b6a8a06e41b23a55a5e3e191718838ddf",
                "sha256:c94f0688e7b8d0a67abf40e57a7eaaecd17cc9586706a31b76c031f63df052b4",
                "sha256:cbaf13819775b7f769bf4a1f066cb6df7a28d4480081a589828ef190226881cd",
                "sha256:cd2213145bcc2ba85884d0ac63d222fece9209678f77b9b4d76f054c561adb28",
                "sha256:ce5c1d2a8b27468f433ca974829c44060b8097eedc39933e3c206a90ee49c4a9",
                "sha256:d396ec2b979760aaf3218e76c24e65bd0aca24983298653b3a9d7a45f9e47b30",
                "sha256:d51026d73fcfd93610abc7b27789c26b313920fcfb20e27462d74a7f8b06e983",
                "sha256:d80ee3d731373b24cebbc10d689ca4ee1875caf0d5703a245db18efd4dd37fc1",
                "sha256:d995260fdf4e1db774581b4900e0f832abe3c7c84996726bbc161b19c8f29e76",
                "sha256:da4b951fe36dc7c3a1ccb4e3cd1747c3542b8c9ceede8fc86cae054e764485f5",
                "sha256:daa27d92c36f24388fe3ad306b174781c747627f134452e4f128ea00ce1fe8c4",
                "sha256:db06ffe51636ffe9ca531fe9023dd64bdd794be8754cb5df57c5498ae5b518a7",
                "sha256:e0d65b8c354be7fb5f720c3caa8bc940bc2d20ce749c8e06135f07f8ed95dd7c",
                "sha256:e68b7a074f65a2fd746c52a7ce6142ab7006074ac269ace0c25cd8ba171f8066",
                "sha256:e739fee756ba1010f8bcccb534252e85a35fe45ae92c295a06059ce58b74ccd3",
                "sha256:e846ae7835bf0703ae43f534ab79a867146dadd59dc9ca5c8b53d5c8f7c9ef02",
                "sha256:e9c26f834c65f5752f3f06cb08cb86a913ceb7274d0db6e267808a708b46bc89",
                "sha256:ea793e075b70290d89d8142074262885d3f7da19634845135751bd6344f73b50",
                "sha256:f027324c56cd5406ca49c124b0db10e56c69064fec039acc571c29020cc87c76",
                "sha256:f13a646d65d09fbf1bc6b3a9635d30095c8e7e5cc419ff35ecc563c5fd04cd49",
                "sha256:f47286a97f0bc9b8859519809077b91b2cefe4ae47fcbf5e466a009c1c5d742b",
                "sha256:f747929cf940cddb5b3668a390056ddd5ba2e5010615ea2dcf4f9c4f3ab8791d",
                "sha256:f99626688942fb746e545232e7726926f3be91b5975f8b55327665fafda991c7",
                "sha256:f9fa868638bf362d3d138ea55829cefb3d5f4b0d7f142234382a15e2485dbec4",
                "sha256:fbdb89b3e1c94a30cc5edfce477c6e6a5dc4d8f84665b455c27582f211a1c72c",
                "sha256:fc010ab034c8c7452522748bf937df58020d256ccae0874463d1f4d01758af8e",
                "sha256:fc3e9034a63de20e15e8ade85358bc6efc614008cab72898b4b4952bea0509ff",
                "sha256:fd8b3d9fd264be37976686c7f65cd52a83f5e84f4bfd2adf9c1d469676bbb6ae"
            ],
            "markers": "python_version >= '3.9'",
            "version": "==2.46.4"
        },
        "setuptools": {
            "hashes": [
                "sha256:7d872682c5d01cfde07da7bccc7b65469d3dca203318515ada1de5eda35efbf9",
                "sha256:a59e362652f08dcd477c78bb6e7bd9d80a7995bc73ce773050228a348ce2e5bb"
            ],
            "index": "pypi",
            "markers": "python_version >= '3.9'",
            "version": "==82.0.1"
        },
        "starlette": {
            "hashes": [
                "sha256:05d0213193f2fbaae60e2ecb593b4add4262ad4e46536b54abe36f11a71724e0",
                "sha256:c7372aae11c3c3f26a42df7bd626cec2f47d03483d261d369516a615a53714c6"
            ],
            "markers": "python_version >= '3.10'",
            "version": "==1.3.1"
        },
        "syslog-rfc5424-parser": {
            "hashes": [
                "sha256:6134ee1958da89ab7f8d32ed5370a49ddabcc99d75a950b6ec59708417f20a7a",
                "sha256:80a9239d4da404a271266000f4c5f00a183af3d03d53d19d7052c8272430bee9"
            ],
            "index": "pypi",
            "version": "==0.3.2"
        },
        "syslogmp": {
            "hashes": [
                "sha256:bcf94858407cf8993e9bf73dc306157f087db6c66503e74853d0a95bf6a4f0fb",
                "sha256:c25215db4b167d333c829d6e2afd83d7c8fb2ce3957f1b64019fac527398ca23"
            ],
            "index": "pypi",
            "markers": "python_version >= '3.7'",
            "version": "==0.4"
        },
        "typing-extensions": {
            "hashes": [
                "sha256:0cea48d173cc12fa28ecabc3b837ea3cf6f38c6d1136f85cbaaf598984861466",
                "sha256:f0fa19c6845758ab08074a0cfa8b7aecb71c999ca73d62883bc25cc018c4e548"
            ],
            "markers": "python_version >= '3.9'",
            "version": "==4.15.0"
        },
        "typing-inspection": {
            "hashes": [
                "sha256:4ed1cacbdc298c220f1bd249ed5287caa16f34d44ef4e9c3d0cbad5b521545e7",
                "sha256:ba561c48a67c5958007083d386c3295464928b01faa735ab8547c5692e87f464"
            ],
            "markers": "python_version >= '3.9'",
            "version": "==0.4.2"
        },
        "uvicorn": {
            "hashes": [
                "sha256:ba3d14c3ee7e41c6c654c46c9eb489d33213cdd30aa1696eab1374337c13f68f",
                "sha256:ebf4271aa580d9de97f93192d4595176df6e91f9aae919ca73e4fc07df1e66a3"
            ],
            "index": "pypi",
            "markers": "python_version >= '3.10'",
            "version": "==0.49.0"
        },
        "zope.event": {
            "hashes": [
                "sha256:5e755153ac4faf64c10a4b6dd3307680166a3edf65b38df22df592610f8fa874",
                "sha256:b97d5d6327067ee6b9dfcbdf606ade9ade70991e19c162e808ea39e5fcf0f8d3"
            ],
            "markers": "python_version >= '3.10'",
            "version": "==6.2"
        },
        "zope.interface": {
            "hashes": [
                "sha256:03bbecc7982af713d7499d4084bc03916413d17ffd45f89009348cc0c1d9e376",
                "sha256:09495ce9d559c06b70f2d4855b3e4f48a822a9ddc8be1d30c5b4e5be14ae1ace",
                "sha256:0c8123d2a4dfde2a613c7cb772605477724782c20bc2e0ad1d9435376a6a44a3",
                "sha256:0cd6a732ac84b94eb1ef9222a117347a27efd294ee16810ffdf7ecd307677ed5",
                "sha256:0fc3a9d45f114d27eaa1e53beeb144533689edca8a9f66505b1e8e8b3f075e42",
                "sha256:126fa9d1c52295ae076d4cf968634f0a1826afa408a20808b57ff72877b8f69f",
                "sha256:133999820fdbae513c36c03d6f29ef87317aaa3edef39112222b155083664714",
                "sha256:147a9442dcc2b7339ecdb1be2b3cdb098e90462e39425054053ebfb50d99125a",
                "sha256:14b0e9799351d4c34fe99afd67f0cdd76e55ba15c66a98699d5fc22ea8241e08",
                "sha256:17a3114bbdddb5e75e5784cdf318944636190cbbc72d357ef9fb1a8b0351f955",
                "sha256:28e80457c134d1fa57a7d758004dece348654e1b1467ac22dcdc20fc1d127c52",
                "sha256:29d74febbae1afeb6834c4ccbf42e242a673c860060f09e53142825270456140",
                "sha256:3090e3a663d20194756a59a272e0c8508b889341e31d5894223331fe6b4f9b21",
                "sha256:31cff25b2aaedb5267e6e77b1e9be6b0ec4f622032de8a069202b8ffacda7dc2",
                "sha256:5578c9421ca409a1f39f153d6f7803e4cde01da592ec75a9ac5e1b777d18d33b",
                "sha256:5e970dabea777a24b0b0bbf9dae3ab75ce8b2d8e948edf4875627034b21f3560",
                "sha256:633c8c49396f38df030340797c533e9fe460d1b5d1e42d88e55e938e525f548c",
                "sha256:652b73107a04159ec6c020db6c1543d4f1e8f4d069bd2aac88a947820923517b",
                "sha256:6c54725d818f1b57a7efb8b16528326e1f3c257b602b32393fd255c45af8799d",
                "sha256:6d02be14f3173c6c7288bc2fdf530090c01c3cf8764ad46c68024686f364278e",
                "sha256:7849ad8fa90763cc1087f4dda78ca3a233e950b3e08fac7079297c9cafbbd7bb",
                "sha256:798b7c87d0e59a7d5d086d642208d0d8700ff0d55c4029134b3c479c3bfb110f",
                "sha256:7a3ba1c5877f0f3e3906b02ddf793abed2becc2948116414ce0e1dd820b68d6d",
                "sha256:8bd75c96966e573232f0599deaff717564828031c7f05563ccc1ac35c5ee0304",
                "sha256:8e6ee90c2e6de7c37058d5fa41f123c8b13a312db8d1e0fb5840d7f4bcdff9c9",
                "sha256:9342fb74e2afefdb081bf1df727d209ea56995c6e13f5a0540e6d7aff4beafb8",
                "sha256:a17e681224267880707c9ec9e730ad9a1ad2d65c371256843efba6cf48711b58",
                "sha256:aab6bb5bee10f38ea688b95ba054396b67f613552d2c8378be7fcb2d2fba7646",
                "sha256:afc66ccaef2a3c0bef6ca02aad40d29a39276389dad16a8eac36f9f385e4d057",
                "sha256:bf917009a4a7457c7290225a019f4a0aa706d96accd2cfdba2418d3bc1fcde2f",
                "sha256:c0c8aa2bf8f3911ef37b87deb1bbe225a310e6eb6522a16d77f5d8330c4f6fbe",
                "sha256:c1adc90d3576b3b4c4de4953e6002c37bef28b78d7fa54c1bbfd0c50f022fe7c",
                "sha256:c28044972187245d7a309e4699319bfdbd2ffcbf7176d1d4ddf5adffb2dea80f",
                "sha256:d178968a1a611df30549a717d1624cb38ca810347339e3e37b7baa6f6781a170",
                "sha256:dabeb6fe1228d411994f300811edc6866fff0cdcbc9cef98a78f05ea0da42e37",
                "sha256:e0e311f1277468c08fd59a2b41f71b43d25dff639789d364747acd1705c0df6e",
                "sha256:e1bd7d96b4ca5fa311f54c9eac16dce4886b428c1531dbe06067763ccdf123b4",
                "sha256:e6347b8d8d12c5eca6502450a92be30079b7acfade2c4f693efa0deb8871b06e",
                "sha256:efe234a0fafb4b6b1602e9be9245b97c2bf06d67c07af5a4bc3c0438978b555c",
                "sha256:f0b48ccadaa9839e09ff81e969703cecb3f402c813bfe8b958652e699bea69f5",
                "sha256:ffaecf013251a89d0de6feb49a46eba48ad8cbbf8a40aeb6045e459e7bec6784"
            ],
            "markers": "python_version >= '3.10'",
            "version": "==8.5"
        }
    },
    "develop": {}
}
