{
    "_meta": {
        "hash": {
            "sha256": "6bb0e21851575bf09d8b82408d64052eccbc1d7be723c8dde9b6def480dcd710"
        },
        "pipfile-spec": 6,
        "requires": {
            "python_version": "3.12"
        },
        "sources": [
            {
                "name": "pypi",
                "url": "https://pypi.org/simple",
                "verify_ssl": true
            }
        ]
    },
    "default": {
        "beautifulsoup4": {
            "hashes": [
                "sha256:288e3ca7d54b06f2ac191970bc275c1939cb46d450b255bf6718b04aa37ab4f7",
                "sha256:d6f88de62e1d4e38ecb1077eb9724cd0eff29d2a08ca16a401e9b9e93f117cf9"
            ],
            "index": "pypi",
            "markers": "python_full_version >= '3.7.0'",
            "version": "==4.15.0"
        },
        "click": {
            "hashes": [
                "sha256:9a6cea6e60b17ebe0a44c5cc636d94f09bd66142c1cd7d8b4cd731c4917a15f6",
                "sha256:e6f9f66136c816745b9d65817da91d61d957fb16e02e4dcd0552553c5a197b76"
            ],
            "markers": "python_version >= '3.10'",
            "version": "==8.4.2"
        },
        "defusedxml": {
            "hashes": [
                "sha256:1bb3032db185915b62d7c6209c5a8792be6a32ab2fedacc84e01b52c51aa3e69",
                "sha256:a352e7e428770286cc899e2542b6cdaedb2b4953ff269a210103ec58f6198a61"
            ],
            "markers": "python_version >= '2.7' and python_version not in '3.0, 3.1, 3.2, 3.3, 3.4'",
            "version": "==0.7.1"
        },
        "dill": {
            "hashes": [
                "sha256:1e1ce33e978ae97fcfcff5638477032b801c46c7c65cf717f95fbc2248f79a9d",
                "sha256:423092df4182177d4d8ba8290c8a5b640c66ab35ec7da59ccfa00f6fa3eea5fa"
            ],
            "index": "pypi",
            "markers": "python_version >= '3.9'",
            "version": "==0.4.1"
        },
        "joblib": {
            "hashes": [
                "sha256:5fc3c5039fc5ca8c0276333a188bbd59d6b7ab37fe6632daa76bc7f9ec18e713",
                "sha256:8561a3269e6801106863fd0d6d84bb737be9e7631e33aaed3fb9ce5953688da3"
            ],
            "markers": "python_version >= '3.9'",
            "version": "==1.5.3"
        },
        "narwhals": {
            "hashes": [
                "sha256:60567d774edf77db53906f89d9fbd164e66e56d66d388e1e6990f17ac33cfb53",
                "sha256:d62920805a0a43b7ff8b54b0c0d3142d796f8a9301836ada37e573d6a33cbcd9"
            ],
            "markers": "python_version >= '3.10'",
            "version": "==2.22.1"
        },
        "networkx": {
            "hashes": [
                "sha256:26b7c357accc0c8cde558ad486283728b65b6a95d85ee1cd66bafab4c8168509",
                "sha256:d47fbf302e7d9cbbb9e2555a0d267983d2aa476bac30e90dfbe5669bd57f3762"
            ],
            "index": "pypi",
            "markers": "python_version >= '3.11' and python_full_version != '3.14.1'",
            "version": "==3.6.1"
        },
        "nltk": {
            "hashes": [
                "sha256:4fbac1d98203cbcd1b5d94a2877fb822300072d80604a5e7fae49d2c5f84e8c1",
                "sha256:54ff84d4916d3ef127e8953bee0023f6a6b320b75d634a19e06ef056d3d244bf"
            ],
            "index": "pypi",
            "markers": "python_version >= '3.10'",
            "version": "==3.10.0"
        },
        "numpy": {
            "hashes": [
                "sha256:08d60c810432eb83360958dea0999ac4cfb94531ea8efcbf0b7f277c2068aeb2",
                "sha256:09e9bfd8d2cf479c7d174804fb3811c53a8e9f20a37444008606b57d6b7a826d",
                "sha256:0bfebd8695f9863592fe744be833a258120b14a9f39da255e8aa8fade2c0ddd1",
                "sha256:17a25e09640602e10bc8de0e6fa2b3fd68eedd84ba6d7842dc8f32f9ab87bd0b",
                "sha256:1c6759f538fb912fc46de0a6b1758ccf7b57bc7c7ebebc23974fdac3de8db0cd",
                "sha256:224ca51130ef7da85bea2191625181cb4f337f9cb64b471f10c1a12aa8b60077",
                "sha256:24d0eb82c0541d3415a33425db64ae439dffccd7b4dbcb30e7c35120205c506a",
                "sha256:2ae0ca40bcb22d6ba59c1dfd5446f49940b0f2d821fde133f10dda11f816b84e",
                "sha256:2c889b56fe48b1018f764b0eec8df59ab654e9148aa91faa12596043500de277",
                "sha256:30b44a6b53a7ae63c54c089a8726e5563ed302716c5b7ccc85afade40b0e7ff6",
                "sha256:32985c896d897419ef8da6917872d80b78ad0ea26d85b23245c7366ffde76d75",
                "sha256:3935f3b419b244a02732676fa5317a9193cc596a4c0646db07e5b421229ac9f7",
                "sha256:4939237038ada79308dda3204ac6462df056b5672b2e25db1149cf873668b3e1",
                "sha256:4b4ff1608417eb7a59da7b967bbb798cacfe071d2caf526a24281cd562072ed9",
                "sha256:54ad769f17bc2d833b620851989f62054fb9ab93c969d9e1dc3c8e3d56beea21",
                "sha256:59fda5e192b570217ec2580c96f00e9a7e12ef6866a900eb089b62c1a32545ca",
                "sha256:5a4c988b38d261deeeaad9954e3deb091ad905c94e8bb6708654ef1d97f286b0",
                "sha256:5a6db61f9aaa57e369905c67d852045d3c4f7126405b29d09b19dec118e9c9cb",
                "sha256:6165343f81b56ef8f514f396989e529b61d9dc709b99421b07e9f3e698e2287d",
                "sha256:61ac47e772e6b8ea489e1d2f441a34c5c3ac17327e7ce294cbdf535795ad4e75",
                "sha256:6c3fe51bc6a16453d452997053454f309e8e0ed7b42d6b361ce4ac8c32913d74",
                "sha256:6eab239876581b2b3c5a242281b6007bbdbcd1c7085d7709bb57c5929b11e6bf",
                "sha256:78798bd5b9ad744056af8efa90e3b9ddaa53272a0848a483084a1cc0a13b2dc0",
                "sha256:7c786fe9a5bbe360022e584c5a34cf6b54265c71bd7ec8ac3d8fec38968071f8",
                "sha256:83ce9c80d5b521b0d77ddcbe5447c218d247929b6cc056ca5351342accfff0af",
                "sha256:9726558e8db4a5bf7929a70ae50f63abda4daf0efe810e3bfbab95976f75fc1a",
                "sha256:99d5095fa265a0c4152e7bb12759e14381ef5496152f1ce58f44bdf55c44beb4",
                "sha256:a33276be12fa045805f477f22482088b66bb758ffbe89a9d21457de863a32e22",
                "sha256:a48a113e6afea91f5608793bafa7ef2ad481fefbda87ec5069f483de61cb9fa3",
                "sha256:ab451b59c5643c570974c43aef780703ef1d3b4965d2be07afd530615a9358d1",
                "sha256:ab84dc6b074fa881cae55bea94cc4f68e285181ba7f32497bf7dee6b1496165b",
                "sha256:ab87a91b3cc3382b8956095bd8f95e00cf679bb81554339be1a2ba404a1473c1",
                "sha256:c12afb53450fa976d4c681c50a7423729a4c51c0465ed9f32b8a9cabbc472373",
                "sha256:caf3e317d33d60c37986b452613f4ab51246d0691350c03d0cb4a898627f4a95",
                "sha256:dc932a65ded7ce9013d120845a2514dcccb1a67bfc8deb8d37633762951904a6",
                "sha256:e68d8dd1e7eba712948f2053a29ec86917bc70ba1358df869d9f06649ef9cf09",
                "sha256:e824c2acf8862052246be5a44c15da1777940c60d010dd2aab897824d9c430f9",
                "sha256:e8c11c405efc5ff6816d5983c96cdfa215bab3428961243af3ff59b228490438",
                "sha256:efd736408cc97c79b9e6917338dfc8f06013b2274f992e96b1d9a81a71e2a2c2",
                "sha256:f089d7b00756190aacf1f5d34bdf38c3c430ac82b4f868f8cede73380460fce7",
                "sha256:f2479a47f8d5932d1718168a681ad6e536a9df484c83cfcf9de365e164537ace",
                "sha256:f7119ebff1a9829e9f431a4f9d28e703023bb6b9fe7c8f724467dbfc27c94ab3",
                "sha256:f7d60026c0bdb1380e83bfa7a0419c4577ee4b9a08880afcb6dadeb74c649fa2",
                "sha256:f7feb014281029e628ba2d5a007407443b06e418b6fe451d1e2adcbc8eba0107"
            ],
            "index": "pypi",
            "markers": "python_version >= '3.12'",
            "version": "==2.5.1"
        },
        "pandas": {
            "hashes": [
                "sha256:08d24fe11a17dc33bd6e937dc9c665f9cba08fbdc9f657f405713515febe300d",
                "sha256:0d298e951f23016ce4699951d044ae6418dbc91bf68cefca0f77666fcbb4e5c6",
                "sha256:0fac0010c75e4efb6b99e249c183a8993ce0dc95c240f9b120a5e67c727b7928",
                "sha256:1c10461f6eeb35d8f05b6184c65c8b9991663b66c46b1d559b682cb34ae7c6ea",
                "sha256:25ff585b972a18ef1fe9ffa3ac6544d9950508aa76832e5147640b6022821e49",
                "sha256:2946e77e4a53cd248cbde631a12f0e51c8324ce354c3eba4d20147c1ad6f4282",
                "sha256:2a29c53d85ea98c5e792c59ef82ee9fbe6ca902c0d0adb6b23f45ef894cd7bf6",
                "sha256:2c0cf1dd9b55a22d105fc46c1b489af3bd42264fcba7c66297bf47a9a1d9c78a",
                "sha256:2f264fc46911cc8131a7322a16199bbf8e353d27c10bb211f5bd0c814324dc36",
                "sha256:303da736987d481074ca720ada325f8bd80c64ebc2d45ed79b29df3aaa4a26ca",
                "sha256:3b2801bbb049d0136f6c213eae02b5fca969384fc2064dd728d8620552aa49da",
                "sha256:3c5015fd1730fbf883647e88068176c839c102cea883ba1769a6f4593bfc1f8c",
                "sha256:3c5ed2e7c06e91d340dfd091d7934f9bc82e4a36b95f647f090b9d1c9ac649da",
                "sha256:4b11c36e218331d0387cbe3a0a5f75162357a1d92d57b2b08a336ff94b19b2be",
                "sha256:5183427f5a8156d480f30333777bc978be93650a49a7c01db26adffe95b31e85",
                "sha256:53730687fcd161883b24e10411c06d6a4c0f2275d2faf3bb2bc25deb4ba8007c",
                "sha256:66266d3442a5e8b3c90274c2b8b230bee42dd1c286bc822cc2f9f2c7e12b883e",
                "sha256:679f4e85b30ddb1515458ab1e788d3e260eae369b1f78da7a3aa4cac8ebf4a2a",
                "sha256:71ecc8fb7ed1a7aa4392316b5309a6347e8e7f832f38fd897846b3a1457a9298",
                "sha256:73fa87b08a7ef706f8aafda39ddaccf2a99047bea62d8c88a0361bcafb2237bc",
                "sha256:80a611068e8a3ac23f7398c6c14eb46dc974e5cc9997f653e2dcfd1da74edd41",
                "sha256:960d3ebcf249f75206899fcd2c6de53f736b7265759ced0d3e559df0b8b709b0",
                "sha256:9e94c2c5ca43bd3ca32bf64d32308887b65e5f9bfd8023ea52755107a999f93b",
                "sha256:a5ad3b02ed6bc7d7ae9b70804b2c6aa31827489d150f8e623ce82491b82085d7",
                "sha256:b1261758dfb6cf12c3cff8300e21cefad30e7ec709abb4c24ac7318e6a52462a",
                "sha256:b173f5951ff6b8b0ec7675e20dff3c97b7e7a57dfcce387c2d7c5afe87cb7899",
                "sha256:b2acb4650527eec6822c3dadb2b771277b65e7dae7a267d4bccf65fd1bb3fbce",
                "sha256:b58b1b39d46a5862e3fb18f50d1a201398619d16a0f9f73f57eea5583cf0e63c",
                "sha256:b86765f268b56f7e665b93bce9d5df69dee7f99e595cf8fb839483ab315942a3",
                "sha256:c1c05a767fe8e5b4fe9e1c29806829c582052eaedb9120a3da83ba3f69e24a5b",
                "sha256:c2e26bb46934b8a2ca0c3de1d3d606fc5f6746584791b2db264d58cf370e08dc",
                "sha256:c597ecf5616b5c420372c1d4d4c00dbbfba7398bea857dcc984347e1ea48417b",
                "sha256:cce3a9d11d2b1f82c69a27ec1f4948a170e2c403c4bbfa8cca62e3fdebe2ef3a",
                "sha256:cd8f7c6dc98527058ee6264219343f5392240a6f1bfa654fc5d79023020d0c92",
                "sha256:cf52e1f61d229496da17dc7ab54acdee627357e7008fd4fecba3d0ba2937fa58",
                "sha256:d373ce03ffd84010ed9839fa73672a9c8256990532e158440c0085db7d914b34",
                "sha256:db172144bb56422bd157812f3b021eacc255451470b31e2c633c349490a1cfee",
                "sha256:dca3734d6ab7c906e6730f0788b0a1dbb9f2467731f9711f77995c8e9d62d712",
                "sha256:e2759e890db96dfcffdbd9b86c3c2cb6afaf58def482820317e06163ec1066cd",
                "sha256:e819dd5f62966b481a8cb649d3299ebd886a1ea91ed5a99bf7ce77c98d18ab94",
                "sha256:ef01af4d8dc6cd2c8d6c7736f149574ef93fe043811eeb5e445f2647154b5040",
                "sha256:fa290c16964d4963fbfbc358928239cf3bd755b20e988ce944877def2f44471d"
            ],
            "index": "pypi",
            "markers": "python_version >= '3.11'",
            "version": "==3.0.5"
        },
        "python-dateutil": {
            "hashes": [
                "sha256:37dd54208da7e1cd875388217d5e00ebd4179249f90fb72437e91a35459a0ad3",
                "sha256:a8b2bc7bffae282281c8140a97d3aa9c14da0b136dfe83f850eea9a5f7470427"
            ],
            "markers": "python_version >= '2.7' and python_version not in '3.0, 3.1, 3.2'",
            "version": "==2.9.0.post0"
        },
        "regex": {
            "hashes": [
                "sha256:03376d60b6a11aecb88a79fa2be06b40faa01c6693bc31ef69435cd4818b9463",
                "sha256:0ab0d5344311fc8e8667078942056c3b9c9b4a4b1cc99f2eb8a5af54554f4acc",
                "sha256:0c31665c0deb5c111557a1cac8c27bd5629e2f9e7fd5058900a03576c33b601c",
                "sha256:0e6cb5a61486f9062397d2e189573b39d38ecfaed698fd9fb6e2756a8ebb8762",
                "sha256:0f09f62e450cc2f113018cc8412aeea3a120a04e1ca7e801a0d441583f9a3b06",
                "sha256:11251768cc23f097dd61b18f67966e70f74da822784d17e12a444eb6b29d4288",
                "sha256:1484bdd6fba28422df9b5ebb04055b2e1b680e8e4f08490bb21ff0f3cc50d0ab",
                "sha256:17c077586770f67e05bbffeba07fbee6b2b22244f4d4caf8d94e59d574befe04",
                "sha256:17eddca4e8ea9af0b5739314776cdf0172a49731ab61f2e1ea66e066ddd46c97",
                "sha256:189dbf9fc4252d9f1352bf4bd1bef885edb6cc4b7341df202a65f821aaa3891c",
                "sha256:1e164ace4dbab5c6ad4a4ac7c41a2638fe226d0c770a86f2eb041f594bac6ee7",
                "sha256:1e693940a3b9e6d6e4dc2a54ecaa74b74934f77af1ef95f518a74261ef7cc1bc",
                "sha256:2097591101d70bcc108af64c46f6066bb698ee067fec5f75beac0be317639311",
                "sha256:20f4d87702702aa1d572721e146f301660c50eef6fd6cb596e48a22b0ace17db",
                "sha256:234a51e20ebc18ab83b2c0600cf28f2e884560a0e00f743878f0b7d8e7c4cf03",
                "sha256:23f7e0cc60c72486b42a685f1ff4eec90d50d4fb05e4f9c7d5363b03aa02600d",
                "sha256:28f9e6c28f9b90f6f784595a33240a57e181e61b6ee3dc259b25c61e356d1aa3",
                "sha256:2e27727fba075f1e4409416d2f537d4c30fc11f012ea507f7bd74d3e19ecb57a",
                "sha256:3169a3159e4d99d9ae85ff0ed90ef3b8906cc3152653b6078b842ace6c8f72c3",
                "sha256:31d7538a614b5842bf53ce329d07b43f97754ca7e6db8d69f347e071bce1c953",
                "sha256:3527a72adcbe9e3600f1553b497d397c1a371d227580d41d96c3c5964109b65c",
                "sha256:37294d3d7ddb64c7e89184b2894e0f8f0a19c514bc59513d71fe692c3a8d5fc6",
                "sha256:378a71d861fc7c8806b04ac5b133d53c0e774f92f5d9663a539872d3fa2b0417",
                "sha256:3bd630a8dba06b55254ea5ee862194edab52ec783100d2ef1cd15a9c512fee27",
                "sha256:3c60b297292e7e1ef5d02a4759f9e452ee4c8bb95e168d8fd0b5db01bd806f9f",
                "sha256:3cb4b6c5cb3060cc31efdc1fbb27c25fb9b29044afd87e40601a1c4d9db54342",
                "sha256:3f15020f0b69cafe57baa067ff65b29acef68ff6b1670a53bef1ca11d708e02d",
                "sha256:3f6316f258bc7e6c9c2acbe9954947bbd397a81be3742a637a555f1855d6618d",
                "sha256:40455e6840dc4e96a6fe50f4cedc957de2752c954d91e789812be55d49be199a",
                "sha256:418208ea0af51cfed4f46eb9b1ea7cfc990ca284f0084ecbd951460fb089421e",
                "sha256:4303ebe16b74eeb3fe2715745023266fea92fd44a23f3e7bb2fb48c7a7bbc195",
                "sha256:43248fe4c0ab8fbb223588a0795b11268940072c97bba30ea8f9b49d8cdfde34",
                "sha256:4cc199874ecd6267a49b111052250825bfe19b5101b23b2ba80f54efa3e0994e",
                "sha256:4d80c798b0eec6ea3d45f8816a1e8886c5664615d347d89e8c075b576a1b5a5d",
                "sha256:4da6f6a72f8700b97a1a765e837fb7d5750bfd9f13acea7bae498f573e3a70a8",
                "sha256:4dfd1331c49233998d84fc5f1f4436cf7a435a7655f6cf0f490229bb5c7254e5",
                "sha256:51e952c8783eabd4706d0f63922f219bcfc1bef9b8cb35941c0d1a0396578858",
                "sha256:530b5c223b9ca5dd8370ac502e080aee0e4ded32be987c6564b425fb5523d581",
                "sha256:56b856b70b96c381d837f609eee442a1bd320cd2159f5c294b679552fb1a7eaf",
                "sha256:56f05194c4843957dd8b3af87eb0c52d8cf0509e7f18e172d727f5f8ff840646",
                "sha256:5977295b0a74e8241df8a4b3b27b12412a831f6fa32ee8b755039592cd768c3d",
                "sha256:5f2c1682b67ad5d2376498f2a5a2a8f782fa2e4a06d0465b5e357799806e8a20",
                "sha256:64e142eb55e84868087da1375d7c36ff97d55010951849f515322a91d5fef1b4",
                "sha256:695873e0ea8d3815ea9e92e2c68faf039cc450e2c0a62a31afe2049eb11be767",
                "sha256:697f103104f5872d64078d8eeac59979960be8ee76115a2d3f31096312e2a400",
                "sha256:6bf295f2c59de77d1ea7de053607ae4dc9ceb3d57bbb6c7ec51ef4acc4ccff94",
                "sha256:6de82c268e5d101ee9e3ffd869924aa9a371e3a21e752cf4fa17b6ce50d219f7",
                "sha256:700fc6a7844bb2c4149292ac79d1df8841a00acd4d45cd32c1ebc7bcc1fd0da8",
                "sha256:70710927033af3b54369f17aaba1343b97a23d0b1aa994fa1512b08b1b8c136a",
                "sha256:714d2b1aa29beef0ddfcdc72ad0771c05326551a8bb0680b0ddf74bfaad87387",
                "sha256:731ea12d5aeb2577eaef2393d6428b995f76eb35f68a89e03e15a97719d1de19",
                "sha256:7635fa2cddb917a6bbfac7890602573d2d8c4e470703b0640e6f86a988817ec3",
                "sha256:76493755f79a88d5ed2c9e63a41d3c05997e0a7ffbe76ed8c4ded8be35b8b14c",
                "sha256:7b15c437bc4604f03ceb3f8d37eae2f8930e320e1bc556b259848c639d9eec1a",
                "sha256:7bb96c13d6cf5880d31bbef84ca701a64d738aa491c2b79975cc33f8ad00a31e",
                "sha256:80c7adf1ef647f6b1e8aa2ca280e517174cd08bdf7a2e412cdfb68bd6a0917cb",
                "sha256:81cc5793ad33a10444445e8d29d3c73e752c8fb2e120772d70fcb6d41df40fe1",
                "sha256:8b92366d9c8bba9642989534073662abdd9b41faf7603a7ae71597833f3b88f0",
                "sha256:8e0ed273ecd1a89be84466c1749bfe58609cc2a32b5d5e05006c4625ba96411b",
                "sha256:8e2fae6bb883648346f84db270dc9aafc29d8e895f62b88a75ccc83b09519820",
                "sha256:90581684565a93f7258af1e5d3f41ef20d7d7c61f2a428183a342bcb65485e38",
                "sha256:9277a4c6503390aa39cb4483b87ec0384faee0850a23b5cea33d008b5d8d83f1",
                "sha256:94f06cdcd6421f8e194ad312ea608020381250df9b8a57661c1b57e9e5273878",
                "sha256:9c26a47770d30a0f85c01e261d2a3ebc342c4af6fd666dbd8c1fe4cbf3adf726",
                "sha256:9cfcd4b0bdcf768c498415c170d1ed2a25a99bf0b65fa253bbd02f68ceba6475",
                "sha256:a043f5770e82283a22aed4cefef1a4e0f9dd8fd7184cb6ce0ad2e579e2134a9e",
                "sha256:a361feeaf1b6ba1df060f2ff5c5947092edf537a35ce78e76387ac56d3e0f4a4",
                "sha256:a644f6408692812f5ead82519eed680e08d5d546fddbd9f7d9514e3c73899aa5",
                "sha256:a71b51dd08b9b62f055fafab3dee8af8bd2ec81b373a44caef18d6c5ca28f43a",
                "sha256:a7cf03c87f7b9cbc25a8894cf9be83818406677b6b391b003ec7c884923387b5",
                "sha256:aa084684e6d2078bf6139e374d1fc2af5ddc1ac7122759a2db716d68169f6fd0",
                "sha256:abb4daabe7be63273787a62dfd6164dadf8f7a63fbec3d2730e5e5e7126d858c",
                "sha256:ad5c67786145ec28a71a267d9f9d92bdc8d70d65541eea852c253f520a01f918",
                "sha256:ad73ecf20c1ef5c975639f8bf845a9370fcf7dada7edc1e3b0bca20e2f8202f6",
                "sha256:b15859e3908544fb99cf47341dcf0bfd089147d258c4c4d8a29e5b087f8085cb",
                "sha256:b295a83426e0e44e9e60fde99789e181bd26788a1890ae7fe2a24c69bb6246ca",
                "sha256:b77207e3cee13086f1906a6a2a12b41244c577e8ad9370d4b35ae1d548d354f3",
                "sha256:b83932645630965fd860fdb70ebbf964bf3e8007f08851ea424d01f8d35454a8",
                "sha256:b916a10431494ef4b4d62c6c89cab6426af7873125b8cd6c15811bf5fc58eec8",
                "sha256:bf54bc693fc4e0530e666ba5ec4bcba14dbe8f66b7cfc15c27317d1a6e40b9a5",
                "sha256:bfc9677982c914d9085b8e1c3b3ae6e88f139fb56531c2416d6c8f338093c22b",
                "sha256:c0013958f427bd82509a186b9ff206d66cb8d60a81fc797a4c717afd18c5b0ba",
                "sha256:c10f2c5a55ab3dd8318d8ad5f11b530e2691c0edebebde7713066f484902c3fb",
                "sha256:c4ac65f3e3a99fd8f3a4a74e7a6610acd1ce9dfe9b8a03d346a4922380d68aeb",
                "sha256:c6e6f790d01380a74ad564f216c533b86504afb61bf66f2b2e11e7f1a3e287a7",
                "sha256:c91487a917edd48a1ea646fdf60d7936d304f0e686fa7ea8326e47efca51d816",
                "sha256:cadea12805a1bce0b091c302b814207be26fb60a9c0e7f9ad2f9e21790a429fe",
                "sha256:cc579c91fb4605773483a8d940b136bcc5b854fff44fa14a1572a038f46563f1",
                "sha256:d98b639046e51c5de64d9f77351532105e99ca271cb6f7640e1f903d6ab63032",
                "sha256:debe623e09cee97ef9404575e936c610aac9bb08358c5099aaef14644a6871f2",
                "sha256:e128feaf65bf3d9eb91bec92322a8f7e4835e9c798f3e9ea4b69f4def85620e3",
                "sha256:e18225243250a1f7d7e5e5d883f3b96465cd79031acf5c6db902b7025f2125d9",
                "sha256:e4466b8641e00c697aab5a73150150d2b2ea96b131c595691f42031abafd9f4d",
                "sha256:e5efbc1af38f97e300d43028e5a92e752d924bcfb7f465d8669d5d5a6e78c233",
                "sha256:e7c42be203d84ecf7d487ff23f8a61ef0eb0534fa0fc317a2fce8c065d20618f",
                "sha256:e8184b4e2fdaf9cdfe77e38f15a4d9dc149168c9c29eb0ea17c5481d3bb80546",
                "sha256:e81f1952355042e517dc9861ce65c676e4a098f42402993c40461786d1f794d4",
                "sha256:e86e91a2664f44c3a4e363a7d78fb17c27d5046882e30ea5a877f5e89b28d2ba",
                "sha256:eacb79625323d9f7e7925366b917f492b8356fad58f5dc4fa12ff8c21d8f4ca9",
                "sha256:ec2b2ad00ab8c16a2798cc8db80c53c4d5b8b3a2441f6cbaef06625f5ca25854",
                "sha256:ec9689392f7494ff4e3f8e7e8522f9158f11023f337eaaf04a64542fc45bbf26",
                "sha256:ecd1638b1c2db1f2d01c182a4b0d3e2e88b0e99910320a745c1727ee3638ddab",
                "sha256:ed7b30185ee3f8b9b053b0be567b4d226016e2afbebc17fde1c6a4580937b688",
                "sha256:ede8d8e53b6dde0a50f7eca902f0af76d87ab02a55aba7542da68ae3e5dfe83d",
                "sha256:f1758df6fdd8c800620a5638958720e8a635e1da49a2f09df2dd63e94a24ec4a",
                "sha256:f1da438e739765c3e85175ede05816cbede3caaacb1e0680568bda6119bfdfca",
                "sha256:f5561e47bbe2b75373b695326507743fcdd4d2cc7f5022312024ccf39fa094e0",
                "sha256:f5fbaef40c3e9282ccee4b075f5600a0d858aa0c34147732f1baa69c8188a95d",
                "sha256:f6710f512c57b84f127a23d0f59560a03b64136eff419ae1be5ab557577fe5e3",
                "sha256:f74675ab76ab1d005ffba4dee308e53e89efc22be6e9f9fae5b539a3f81bdff2",
                "sha256:f7c032b0c8a73739ff8ff1aaf30c281fa19c17bf7f1543256c8507390db7807c",
                "sha256:fbd2ded482bf99e6651992bbfcde460272724d4bbc49ef3d6b46d9312867ec84",
                "sha256:fc1eddc25ad23c0f1344ab280d961ac595ead48292d7c779497975942373f493",
                "sha256:ff0f41a00f23ea5054acb61901380c41813d813eee3f80f800995710bcc52ecd"
            ],
            "markers": "python_version >= '3.10'",
            "version": "==2026.6.28"
        },
        "scikit-learn": {
            "hashes": [
                "sha256:051075bda8b7aab87b1906ab3d4740a1e1224a19d7b3781a576736edc94e76aa",
                "sha256:056c92bb67ad4c28463c2f2653d9701449201e7e7a9e94e321be0f71c4fef2b8",
                "sha256:147e9329ef0e39f75d4cffa02b2aa48d827832684926cd5210d9a2cb5c57246b",
                "sha256:1b944b6db288f6b926e3650026ddafb988929de95d11fc2cc5fa117773c9ba42",
                "sha256:1fea2cc5677ab49d6f5bade978c866da44957b712d92e9635e8b4f723013c3cb",
                "sha256:24360002ae845e7866522b0a5bbf690802e7bc388cac8663502e78aa98598aa2",
                "sha256:26e22435f63bcdcf396b574273f29f13dd531f5ea035801f5be10ba1540a4e60",
                "sha256:2bd41b0d201bc81575531b96b713d3eb5e5f50fb0b82101ff0f92294fdc236ac",
                "sha256:366652351f092b219c248f1e72821e841960a63d8f358f1dcfd54dc1cbdbbc28",
                "sha256:38c3dcb9a1ffb85505ec53d54c7b4aea0cff70050425a7760c2af661ac85df05",
                "sha256:4306775fad04cc4b472a1b15af1ae9cede1540fbfcc17fbce3767cd8dc7ae283",
                "sha256:4ccacf04ca5f4b492158a5f28afe0ace43f81b2571e4b9a66d34848b46128949",
                "sha256:5162ad10a418c8a282dde04c9aa06965de3e9a65f33c1440c0ae69bb1a09d913",
                "sha256:5808d98f15c6bf6d9d96d2348c1997392a5888ce7097e664105f930c4bca1277",
                "sha256:5b934c45c252844a91d69fda3a34cff5e7307e1db10d77cb10a3980312c74713",
                "sha256:5bad8f8b9950321b54c965fdcbac6c6c55e79e16646b49977bcf3668d3870a1a",
                "sha256:5be45aa4a42a68a533913a6ed736cf309de2226411c79ef8d609a5456f1939b1",
                "sha256:5dc1818c77575d149e25fce9ef82dd7b7263ae372f03494158668ad632a69759",
                "sha256:5e50ed4da51974e86e940690e9a3d82e729b62b5a49f7c9bac534d515d39d86f",
                "sha256:64fa347efc1c839c487433e40c5144d38c336e8a2b59c81aa8660373945c2673",
                "sha256:78fc56eafd4edb9575d2d8950d1dd152061abb573341a1cb7e099fc40f6c6666",
                "sha256:80746d63bd4b6eaca54d36fe5feaf4d28bb38dc6f9470f81c7cad7c40155f119",
                "sha256:8833266989d3a5110178a9fae30783675460724d0e1efb13b14901d2c660c557",
                "sha256:9656acd4e93f74e0b66c8a36c88830a99252dfa900044d36bc2212ae89a47162",
                "sha256:9db6f4d34e68c8899e4cab27fdf8eafe6ed21f2ba52ceb25ea250cd237f8e47b",
                "sha256:d77f54c017633791bc0225a43e2f8d03745fdcfe4880268fcc4df15f505dec2e",
                "sha256:da76d09304a4706db7cc1e3ebaa3b6b98a67365cc11d2996c4f1e58ba47df714",
                "sha256:ee1a8db2c18c08e34c7412d4b10be1cac214cd4ea7dc9715a6a327eb49a37c96",
                "sha256:f401448645a3e7bc115aa3c094097865155b34bff1cba8101857d9104e99074c",
                "sha256:f7e254636164090da847715a27f8e5478feb98c40a9e0ee90cbd277de9e5ceb8",
                "sha256:fd3a8ef0c758555a3b23c03adaa858af32f7736785ded50ad5991f59c4ed03fa"
            ],
            "index": "pypi",
            "markers": "python_version >= '3.11'",
            "version": "==1.9.0"
        },
        "scipy": {
            "hashes": [
                "sha256:010f4333c96c9bb1a4516269e33cb5917b08ef2166d5556ca2fd9f082a9e6ea0",
                "sha256:02ae3b274fde71c5e92ac4d54bc06c42d80e399fec704383dcd99b301df37458",
                "sha256:08b900519463543aa604a06bec02461558a6e1cef8fdbb8098f77a48a83c8118",
                "sha256:131f5aaea57602008f9822e2115029b55d4b5f7c070287699fe45c661d051e39",
                "sha256:158dd96d2207e21c966063e1635b1063cd7787b627b6f07305315dd73d9c679e",
                "sha256:1cc682cea2ae55524432f3cdff9e9a3be743d52a7443d0cba9017c23c87ae2f6",
                "sha256:1f95b894f13729334fb990162e911c9e5dc1ab390c58aa6cbecb389c5b5e28ec",
                "sha256:200e1050faffacc162be6a486a984a0497866ec54149a01270adc8a59b7c7d21",
                "sha256:2040ad4d1795a0ae89bfc7e8429677f365d45aa9fd5e4587cf1ea737f927b4a1",
                "sha256:2b64ca7d4aee0102a97f3ba22124052b4bd2152522355073580bf4845e2550b6",
                "sha256:2ceb2d3e01c5f1d83c4189737a42d9cb2fc38a6eeed225e7515eef71ad301dce",
                "sha256:35c3a56d2ef83efc372eaec584314bd0ef2e2f0d2adb21c55e6ad5b344c0dcb8",
                "sha256:37425bc9175607b0268f493d79a292c39f9d001a357bebb6b88fdfaff13f6448",
                "sha256:3877ac408e14da24a6196de0ddcace62092bfc12a83823e92e49e40747e52c19",
                "sha256:3fd1fcdab3ea951b610dc4cef356d416d5802991e7e32b5254828d342f7b7e0b",
                "sha256:41b71f4a3a4cab9d366cd9065b288efc4d4f3c0b37a91a8e0947fb5bd7f31d87",
                "sha256:43af8d1f3bea642559019edfe64e9b11192a8978efbd1539d7bc2aaa23d92de4",
                "sha256:45abad819184f07240d8a696117a7aacd39787af9e0b719d00285549ed19a1e9",
                "sha256:4b400bdc6f79fa02a4d86640310dde87a21fba0c979efff5248908c6f15fad1b",
                "sha256:4eb6c25dd62ee8d5edf68a8e1c171dd71c292fdae95d8aeb3dd7d7de4c364082",
                "sha256:581b2264fc0aa555f3f435a5944da7504ea3a065d7029ad60e7c3d1ae09c5464",
                "sha256:5cf36e801231b6a2059bf354720274b7558746f3b1a4efb43fcf557ccd484a87",
                "sha256:5e3c5c011904115f88a39308379c17f91546f77c1667cea98739fe0fccea804c",
                "sha256:6609bc224e9568f65064cfa72edc0f24ee6655b47575954ec6339534b2798369",
                "sha256:6e3dcd57ab780c741fde8dc68619de988b966db759a3c3152e8e9142c26295ad",
                "sha256:6fac755ca3d2c3edcb22f479fceaa241704111414831ddd3bc6056e18516892f",
                "sha256:744b2bf3640d907b79f3fd7874efe432d1cf171ee721243e350f55234b4cec4c",
                "sha256:74cbb80d93260fe2ffa334efa24cb8f2f0f622a9b9febf8b483c0b865bfb3475",
                "sha256:766e0dc5a616d026a3a1cffa379af959671729083882f50307e18175797b3dfd",
                "sha256:7bdf2da170b67fdf10bca777614b1c7d96ae3ca5794fd9587dce41eb2966e866",
                "sha256:7ff200bf9d24f2e4d5dc6ee8c3ac64d739d3a89e2326ba68aaf6c4a2b838fd7d",
                "sha256:844e165636711ef41f80b4103ed234181646b98a53c8f05da12ca5ca289134f6",
                "sha256:8a604bae87c6195d8b1045eddece0514d041604b14f2727bbc2b3020172045eb",
                "sha256:94055a11dfebe37c656e70317e1996dc197e1a15bbcc351bcdd4610e128fe1ca",
                "sha256:95d8e012d8cb8816c226aef832200b1d45109ed4464303e997c5b13122b297c0",
                "sha256:9cdc1a2fcfd5c52cfb3045feb399f7b3ce822abdde3a193a6b9a60b3cb5854ca",
                "sha256:9ecb4efb1cd6e8c4afea0daa91a87fbddbce1b99d2895d151596716c0b2e859d",
                "sha256:a3472cfbca0a54177d0faa68f697d8ba4c80bbdc19908c3465556d9f7efce9ee",
                "sha256:a4328d245944d09fd639771de275701ccadf5f781ba0ff092ad141e017eccda4",
                "sha256:a48a72c77a310327f6a3a920092fa2b8fd03d7deaa60f093038f22d98e096717",
                "sha256:a720477885a9d2411f94a93d16f9d89bad0f28ca23c3f8daa521e2dcc3f44d49",
                "sha256:a77cbd07b940d326d39a1d1b37817e2ee4d79cb30e7338f3d0cddffae70fcaa2",
                "sha256:a9956e4d4f4a301ebf6cde39850333a6b6110799d470dbbb1e25326ac447f52a",
                "sha256:adb2642e060a6549c343603a3851ba76ef0b74cc8c079a9a58121c7ec9fe2350",
                "sha256:beeda3d4ae615106d7094f7e7cef6218392e4465cc95d25f900bebabfded0950",
                "sha256:c80be5ede8f3f8eded4eff73cc99a25c388ce98e555b17d31da05287015ffa5b",
                "sha256:cc90d2e9c7e5c7f1a482c9875007c095c3194b1cfedca3c2f3291cdc2bc7c086",
                "sha256:cd96a1898c0a47be4520327e01f874acfd61fb48a9420f8aa9f6483412ffa444",
                "sha256:d2650c1fb97e184d12d8ba010493ee7b322864f7d3d00d3f9bb97d9c21de4068",
                "sha256:d30e57c72013c2a4fe441c2fcb8e77b14e152ad48b5464858e07e2ad9fbfceff",
                "sha256:d59c30000a16d8edc7e64152e30220bfbd724c9bbb08368c054e24c651314f0a",
                "sha256:dbc12c9f3d185f5c737d801da555fb74b3dcfa1a50b66a1a93e09190f41fab50",
                "sha256:e18f12c6b0bc5a592ed23d3f7b891f68fd7f8241d69b7883769eb5d5dfb52696",
                "sha256:e19ebea31758fac5893a2ac360fedd00116cbb7628e650842a6691ba7ca28a21",
                "sha256:e30bdeaa5deed6bc27b4cc490823cd0347d7dae09119b8803ae576ea0ce52e4c",
                "sha256:eb092099205ef62cd1782b006658db09e2fed75bffcae7cc0d44052d8aa0f484",
                "sha256:eee2cfda04c00a857206a4330f0c5e3e56535494e30ca445eb19ec624ae75118",
                "sha256:f4115102802df98b2b0db3cce5cb9b92572633a1197c77b7553e5203f284a5b3",
                "sha256:f590cd684941912d10becc07325a3eeb77886fe981415660d9265c4c418d0bea",
                "sha256:f8885db0bc2bffa59d5c1b72fad7a6a92d3e80e7257f967dd81abb553a90d293",
                "sha256:fcb310ddb270a06114bb64bbe53c94926b943f5b7f0842194d585c65eb4edd76"
            ],
            "markers": "python_version >= '3.11'",
            "version": "==1.17.1"
        },
        "six": {
            "hashes": [
                "sha256:4721f391ed90541fddacab5acf947aa0d3dc7d27b2e1e8eda2be8970586c3274",
                "sha256:ff70335d468e7eb6ec65b95b99d3a2836546063f63acc5171de367e834932a81"
            ],
            "markers": "python_version >= '2.7' and python_version not in '3.0, 3.1, 3.2'",
            "version": "==1.17.0"
        },
        "soupsieve": {
            "hashes": [
                "sha256:e121fd02e975c695e4e9e8774a5ee35d74714b59307868dcc5319ad2d9e3328e",
                "sha256:e7e6b0769c8f51ed59acab6e994b00621096cfb1c640a7509295987388fbaf65"
            ],
            "markers": "python_version >= '3.9'",
            "version": "==2.8.4"
        },
        "threadpoolctl": {
            "hashes": [
                "sha256:43a0b8fd5a2928500110039e43a5eed8480b918967083ea48dc3ab9f13c4a7fb",
                "sha256:8ab8b4aa3491d812b623328249fab5302a68d2d71745c8a4c719a2fcaba9f44e"
            ],
            "markers": "python_version >= '3.9'",
            "version": "==3.6.0"
        },
        "tqdm": {
            "hashes": [
                "sha256:19829c9673638f2a0b8617da4cdcb927e831cd88bcfcb6e78d42a4d1af131520",
                "sha256:5168118b2368f48c561afda8020fd79195b1bdb0bdf8086b88442c267a315dc2"
            ],
            "markers": "python_version >= '3.8'",
            "version": "==4.68.4"
        },
        "typing-extensions": {
            "hashes": [
                "sha256:0cea48d173cc12fa28ecabc3b837ea3cf6f38c6d1136f85cbaaf598984861466",
                "sha256:f0fa19c6845758ab08074a0cfa8b7aecb71c999ca73d62883bc25cc018c4e548"
            ],
            "markers": "python_version >= '3.9'",
            "version": "==4.15.0"
        }
    },
    "develop": {}
}
