{
    "_meta": {
        "hash": {
            "sha256": "566f0ad279f89b689a53d60d8d9d6d2b9e0cd8e3d7daba444af94f042f3767a9"
        },
        "pipfile-spec": 6,
        "requires": {
            "python_version": "3.7"
        },
        "sources": [
            {
                "name": "pypi",
                "url": "https://pypi.org/simple",
                "verify_ssl": true
            }
        ]
    },
    "default": {
        "pymongo": {
            "hashes": [
                "sha256:053b4ebf91c7395d1fcd2ce6a9edff0024575b7b2de6781554a4114448a8adc9",
                "sha256:072ba7cb65c8aa4d5c5659bf6722ee85781c9d7816dc00679b8b6f3dff1ddafc",
                "sha256:11f9e0cfc84ade088a38df2708d0b958bb76360181df1b2e1e1a41beaa57952b",
                "sha256:18290649759f9db660972442aa606f845c368db9b08c4c73770f6da14113569b",
                "sha256:186104a94d39b8412f8e3de385acd990a628346a4402d4f3a288a82b8660bd22",
                "sha256:1bab889ae7640eba739f67fcbf8eff252dddc60d4495e6ddd3a87cd9a95fdb52",
                "sha256:1bc6fe7279ff40c6818db002bf5284aa03ec181ea1b1ceaeee33c289d412afa7",
                "sha256:208debdcf76ed39ebf24f38509f50dc1c100e31e8653817fedb8e1f867850a13",
                "sha256:246ec420e4c8744fceb4e259f906211b9c198e1f345e6158dcd7cbad3737e11e",
                "sha256:255a35bf29185f44b412e31a927d9dcedda7c2c380127ecc4fbf2f61b72fa978",
                "sha256:2dbfbbded947a83a3dffc2bd1ec4750c17e40904692186e2c55a3ad314ca0222",
                "sha256:2e92aa32300a0b5e4175caec7769f482b292769807024a86d674b3f19b8e3755",
                "sha256:316c1b8723afa9870567cd6dff35d440b2afeda53aa13da6c5ab85f98ed6f5ca",
                "sha256:39dafa2eaf577d1969f289dc9a44501859a1897eb45bd589e93ce843fc610800",
                "sha256:3ce83f17f641a62a4dfb0ba1b8a3c1ced7c842f511b5450d90c030c7828e3693",
                "sha256:48d5bc80ab0af6b60c4163c5617f5cd23f2f880d7600940870ea5055816af024",
                "sha256:4ba0def4abef058c0e5101e05e3d5266e6fffb9795bbf8be0fe912a7361a0209",
                "sha256:5af390fa9faf56c93252dab09ea57cd020c9123aa921b63a0ed51832fdb492e7",
                "sha256:5e574664f1468872cd40f74e4811e22b1aa4de9399d6bcfdf1ee6ea94c017fcf",
                "sha256:6b89dc51206e4971c5568c797991eaaef5dc2a6118d67165858ad11752dba055",
                "sha256:6fb3f85870ae26896bb44e67db94045f2ebf00c5d41e6b66cdcbb5afd644fc18",
                "sha256:701e08457183da70ed96b35a6b43e6ba1df0b47c837b063cde39a1fbe1aeda81",
                "sha256:70761fd3c576b027eec882b43ee0a8e5b22ff9c20cdf4d0400e104bc29e53e34",
                "sha256:73b400fdc22de84bae0dbf1a22613928a41612ec0a3d6ed47caf7ad4d3d0f2ff",
                "sha256:7412a36798966624dc4c57d64aa43c2d1100b348abd98daaac8e99e57d87e1d7",
                "sha256:7c6a9948916a7bbcc6d3a9f6fb75db1acb5546078023bfb3db6efabcd5a67527",
                "sha256:7d98ce3c42921bb91566121b658e0d9d59a9082a9bd6f473190607ff25ab637f",
                "sha256:845a8b83798b2fb11b09928413cb32692866bfbc28830a433d9fa4c8c3720dd0",
                "sha256:94d38eba4d1b5eb3e6bfece0651b855a35c44f32fd91f512ab4ba41b8c0d3e66",
                "sha256:9a13661681d17e43009bb3e85e837aa1ec5feeea1e3654682a01b8821940f8b3",
                "sha256:a0e5dff6701fa615f165306e642709e1c1550d5b237c5a7a6ea299886828bd50",
                "sha256:a2239556ff7241584ce57be1facf25081669bb457a9e5cbe68cce4aae6567aa1",
                "sha256:a325600c83e61e3c9cebc0c2b1c8c4140fa887f789085075e8f44c8ff2547eb9",
                "sha256:a3566acfbcde46911c52810374ecc0354fdb841284a3efef6ff7105bc007e9a8",
                "sha256:a634a4730ce0b0934ed75e45beba730968e12b4dafbb22f69b3b2f616d9e644e",
                "sha256:a752ecd1a26000a6d67be7c9a2e93801994a8b3f866ac95b672fbc00225ca91a",
                "sha256:a9ba2a63777027b06b116e1ea8248e66fd1bedc2c644f93124b81a91ddbf6d88",
                "sha256:aaa038eafb7186a4abbb311fcf20724be9363645882bbce540bef4797e812a7a",
                "sha256:af586e85144023686fb0af09c8cdf672484ea182f352e7ceead3d832de381e1b",
                "sha256:b0a0cf39f589e52d801fdef418305562bc030cdf8929217463c8433c65fd5c2f",
                "sha256:b1c4874331ab960429caca81acb9d2932170d66d6d6f87e65dc4507a85aca152",
                "sha256:b3b5b3cbc3fdf4fcfa292529df2a85b5d9c7053913a739d3069af1e12e12219f",
                "sha256:b542d56ed1b8d5cf3bb36326f814bd2fbe8812dfd2582b80a15689ea433c0e35",
                "sha256:b754240daafecd9d5fce426b0fbaaed03f4ebb130745c8a4ae9231fffb8d75e5",
                "sha256:b88d1742159bc93a078733f9789f563cef26f5e370eba810476a71aa98e5fbc2",
                "sha256:c55782a55f4a013a78ac5b6ee4b8731a192dea7ab09f1b6b3044c96d5128edd4",
                "sha256:c5cab230e7cabdae9ff23c12271231283efefb944c1b79bed79a91beb65ba547",
                "sha256:cbf8672edeb7b7128c4a939274801f0e32bbf5159987815e3d1eace625264a46",
                "sha256:cc2894fe91f31a513860238ede69fe47fada21f9e7ddfe73f7f9fef93a971e41",
                "sha256:cda9e628b1315beec8341e8c04aac9a0b910650b05e0751e42e399d5694aeacb",
                "sha256:ceae3ab9e11a27aaab42878f1d203600dfd24f0e43678b47298219a0f10c0d30",
                "sha256:d04ca462cb99077e6c059e97c072957caf2918e6e4191e3161c01c439e0193de",
                "sha256:d6e11ffd43184d529d6752d6dcb62b994f903038a17ea2168ef1910c96324d26",
                "sha256:d73e10772152605f6648ba4410318594f1043bbfe36d2fadee7c4b8912eff7c5",
                "sha256:da8288bc4a7807c6715416deed1c57d94d5e03e93537889e002bf985be503f1a",
                "sha256:e018a4921657c2d3f89c720b7b90b9182e277178a04a7e9542cc79d7d787ca51",
                "sha256:e2b7670c0c8c6b501464150dd49dd0d6be6cb7f049e064124911cec5514fa19e",
                "sha256:e7a33322e08021c37e89cae8ff06327503e8a1719e97c69f32c31cbf6c30d72c",
                "sha256:e9faf8d4712d5ea301d74abfcf6dafe4b7f4af7936e91f283b0ad7bf69ed3e3a",
                "sha256:f2acf9bbcd514e901f82c4ca6926bbd2ae61716728f110b4343eb0a69612d018",
                "sha256:f6977a520bd96e097c8a37a8cbb9faa1ea99d21bf84190195056e25f688af73d",
                "sha256:f94c7d22fb36b184734dded7345a04ec5f95130421c775b8b0c65044ef073f34",
                "sha256:fe5872ce6f9627deac8314bdffd3862624227c3de4c17ef0cc78bbf0402999eb"
            ],
            "index": "pypi",
            "version": "==3.12.0"
        }
    },
    "develop": {}
}
